<?xml version="1.0" encoding="UTF-8"?>
<!DOCTYPE plist PUBLIC "-//Apple//DTD PLIST 1.0//EN" "http://www.apple.com/DTDs/PropertyList-1.0.dtd">
<plist version="1.0">
<dict>
	<key>archiveVersion</key>
	<string>1</string>
	<key>classes</key>
	<dict/>
	<key>objectVersion</key>
	<string>46</string>
	<key>objects</key>
	<dict>
		<key>09630052F5A7AC28705A72CD</key>
		<dict>
			<key>fileRef</key>
			<string>A16768E974AACC91909089AD</string>
			<key>isa</key>
			<string>PBXBuildFile</string>
		</dict>
		<key>14BE0C6511E807B3B541E470</key>
		<dict>
			<key>fileRef</key>
			<string>6173AC9A3E0B23079BBBB0E6</string>
			<key>isa</key>
			<string>PBXBuildFile</string>
		</dict>
		<key>20EFEE7D5C0804330ACE15AB</key>
		<dict>
			<key>includeInIndex</key>
			<string>1</string>
			<key>isa</key>
			<string>PBXFileReference</string>
			<key>lastKnownFileType</key>
			<string>text.xcconfig</string>
			<key>name</key>
			<string>Pods-Tuple.release.xcconfig</string>
			<key>path</key>
			<string>Pods/Target Support Files/Pods-Tuple/Pods-Tuple.release.xcconfig</string>
			<key>sourceTree</key>
			<string>&lt;group&gt;</string>
		</dict>
		<key>4A700F08788C3DC54FE56332</key>
		<dict>
			<key>buildActionMask</key>
			<string>2147483647</string>
			<key>files</key>
			<array/>
			<key>inputPaths</key>
			<array/>
			<key>isa</key>
			<string>PBXShellScriptBuildPhase</string>
			<key>name</key>
			<string>Copy Pods Resources</string>
			<key>outputPaths</key>
			<array/>
			<key>runOnlyForDeploymentPostprocessing</key>
			<string>0</string>
			<key>shellPath</key>
			<string>/bin/sh</string>
			<key>shellScript</key>
			<string>"${SRCROOT}/Pods/Target Support Files/Pods-Tuple/Pods-Tuple-resources.sh"
</string>
			<key>showEnvVarsInLog</key>
			<string>0</string>
		</dict>
		<key>6173AC9A3E0B23079BBBB0E6</key>
		<dict>
			<key>explicitFileType</key>
			<string>archive.ar</string>
			<key>includeInIndex</key>
			<string>0</string>
			<key>isa</key>
			<string>PBXFileReference</string>
			<key>path</key>
			<string>libPods.a</string>
			<key>sourceTree</key>
			<string>BUILT_PRODUCTS_DIR</string>
		</dict>
		<key>848219E51A873B0F00463B7E</key>
		<dict>
			<key>children</key>
			<array>
				<string>84BFE09A1A8DD91B00721F88</string>
				<string>84821A4B1A873E9100463B7E</string>
				<string>848219F01A873B0F00463B7E</string>
				<string>84821A0A1A873B0F00463B7E</string>
				<string>848219EF1A873B0F00463B7E</string>
				<string>8810EE2E4BB53CCA16BDD8B2</string>
				<string>A4EBBA76F8EA20BF3F52641F</string>
			</array>
			<key>isa</key>
			<string>PBXGroup</string>
			<key>sourceTree</key>
			<string>&lt;group&gt;</string>
		</dict>
		<key>848219E61A873B0F00463B7E</key>
		<dict>
			<key>attributes</key>
			<dict>
				<key>LastUpgradeCheck</key>
				<string>0610</string>
				<key>ORGANIZATIONNAME</key>
				<string>William Gu</string>
				<key>TargetAttributes</key>
				<dict>
					<key>848219ED1A873B0F00463B7E</key>
					<dict>
						<key>CreatedOnToolsVersion</key>
						<string>6.1.1</string>
						<key>DevelopmentTeam</key>
						<string>X8C323275L</string>
						<key>SystemCapabilities</key>
						<dict>
							<key>com.apple.BackgroundModes</key>
							<dict>
								<key>enabled</key>
								<string>1</string>
							</dict>
						</dict>
					</dict>
					<key>84821A061A873B0F00463B7E</key>
					<dict>
						<key>CreatedOnToolsVersion</key>
						<string>6.1.1</string>
						<key>DevelopmentTeam</key>
						<string>X8C323275L</string>
						<key>TestTargetID</key>
						<string>848219ED1A873B0F00463B7E</string>
					</dict>
				</dict>
			</dict>
			<key>buildConfigurationList</key>
			<string>848219E91A873B0F00463B7E</string>
			<key>compatibilityVersion</key>
			<string>Xcode 3.2</string>
			<key>developmentRegion</key>
			<string>English</string>
			<key>hasScannedForEncodings</key>
			<string>0</string>
			<key>isa</key>
			<string>PBXProject</string>
			<key>knownRegions</key>
			<array>
				<string>en</string>
				<string>Base</string>
			</array>
			<key>mainGroup</key>
			<string>848219E51A873B0F00463B7E</string>
			<key>productRefGroup</key>
			<string>848219EF1A873B0F00463B7E</string>
			<key>projectDirPath</key>
			<string></string>
			<key>projectReferences</key>
			<array/>
			<key>projectRoot</key>
			<string></string>
			<key>targets</key>
			<array>
				<string>848219ED1A873B0F00463B7E</string>
				<string>84821A061A873B0F00463B7E</string>
			</array>
		</dict>
		<key>848219E91A873B0F00463B7E</key>
		<dict>
			<key>buildConfigurations</key>
			<array>
				<string>84821A0F1A873B0F00463B7E</string>
				<string>84821A101A873B0F00463B7E</string>
			</array>
			<key>defaultConfigurationIsVisible</key>
			<string>0</string>
			<key>defaultConfigurationName</key>
			<string>Release</string>
			<key>isa</key>
			<string>XCConfigurationList</string>
		</dict>
		<key>848219EA1A873B0F00463B7E</key>
		<dict>
			<key>buildActionMask</key>
			<string>2147483647</string>
			<key>files</key>
			<array>
				<string>84821A471A873CAE00463B7E</string>
				<string>84821A901A8744D700463B7E</string>
				<string>84821AE31A88AF6B00463B7E</string>
				<string>84821AD81A888F1500463B7E</string>
				<string>84821AED1A899AA000463B7E</string>
				<string>84BFE0A61A8DF0E300721F88</string>
				<string>84821AE61A893BFA00463B7E</string>
				<string>84821A311A873C6F00463B7E</string>
				<string>84821A2B1A873C4A00463B7E</string>
				<string>84BFE0991A8DD0E300721F88</string>
				<string>84821A451A873CAE00463B7E</string>
				<string>84821AD31A88247300463B7E</string>
				<string>84821AF01A89A93200463B7E</string>
				<string>84821AA81A87F22B00463B7E</string>
				<string>84BFE0AF1A8DF94500721F88</string>
				<string>84821ABF1A8818C600463B7E</string>
				<string>84821A1A1A873BD800463B7E</string>
				<string>84BFE0AA1A8DF6E700721F88</string>
				<string>848219F41A873B0F00463B7E</string>
				<string>84821AB21A88055500463B7E</string>
				<string>84821A3F1A873CA600463B7E</string>
				<string>84821ADC1A88A05000463B7E</string>
				<string>84821AC91A881F2900463B7E</string>
				<string>84BFE0961A8DCE6A00721F88</string>
				<string>84BFE0871A8AD1D600721F88</string>
				<string>84821A251A873C2600463B7E</string>
				<string>84821A4A1A873CB900463B7E</string>
				<string>84821AAF1A87F73E00463B7E</string>
				<string>84821A351A873C7500463B7E</string>
				<string>84821ACF1A88203500463B7E</string>
				<string>84821A991A87DCCE00463B7E</string>
				<string>84821AA41A87F1BB00463B7E</string>
				<string>84821ADF1A88AA0300463B7E</string>
				<string>84821A3A1A873C7D00463B7E</string>
				<string>84821AE91A8943E000463B7E</string>
				<string>84821A271A873C2600463B7E</string>
			</array>
			<key>isa</key>
			<string>PBXSourcesBuildPhase</string>
			<key>runOnlyForDeploymentPostprocessing</key>
			<string>0</string>
		</dict>
		<key>848219EB1A873B0F00463B7E</key>
		<dict>
			<key>buildActionMask</key>
			<string>2147483647</string>
			<key>files</key>
			<array>
				<string>84821AAB1A87F33800463B7E</string>
				<string>84821AAC1A87F33800463B7E</string>
				<string>84821A881A873FE000463B7E</string>
				<string>84821A891A873FE000463B7E</string>
				<string>84821A8A1A873FE000463B7E</string>
				<string>84821A8B1A873FE000463B7E</string>
				<string>84821A8C1A873FE000463B7E</string>
				<string>84821A8D1A873FE000463B7E</string>
				<string>84821A7C1A873FCB00463B7E</string>
				<string>84821A7D1A873FCB00463B7E</string>
				<string>84821A7E1A873FCB00463B7E</string>
				<string>84821A7F1A873FCB00463B7E</string>
				<string>84821A801A873FCB00463B7E</string>
				<string>84821A811A873FCB00463B7E</string>
				<string>84821A741A873FA700463B7E</string>
				<string>84821A751A873FA700463B7E</string>
				<string>84821A6F1A873EDF00463B7E</string>
				<string>09630052F5A7AC28705A72CD</string>
				<string>84821A6E1A873EDF00463B7E</string>
				<string>14BE0C6511E807B3B541E470</string>
			</array>
			<key>isa</key>
			<string>PBXFrameworksBuildPhase</string>
			<key>runOnlyForDeploymentPostprocessing</key>
			<string>0</string>
		</dict>
		<key>848219EC1A873B0F00463B7E</key>
		<dict>
			<key>buildActionMask</key>
			<string>2147483647</string>
			<key>files</key>
			<array>
				<string>84821A2C1A873C4A00463B7E</string>
				<string>84821A401A873CA600463B7E</string>
				<string>84821A3B1A873C7D00463B7E</string>
				<string>848219FF1A873B0F00463B7E</string>
				<string>84BFE0881A8AD1D600721F88</string>
				<string>84BFE0A71A8DF0E300721F88</string>
				<string>84BFE0AB1A8DF6E700721F88</string>
				<string>84821ACA1A881F2900463B7E</string>
				<string>84821A281A873C2600463B7E</string>
				<string>84821A361A873C7500463B7E</string>
				<string>84BFE09B1A8DD92700721F88</string>
				<string>84821A261A873C2600463B7E</string>
				<string>84821A461A873CAE00463B7E</string>
			</array>
			<key>isa</key>
			<string>PBXResourcesBuildPhase</string>
			<key>runOnlyForDeploymentPostprocessing</key>
			<string>0</string>
		</dict>
		<key>848219ED1A873B0F00463B7E</key>
		<dict>
			<key>buildConfigurationList</key>
			<string>84821A111A873B0F00463B7E</string>
			<key>buildPhases</key>
			<array>
				<string>E692D8C508B30B0FB58A3DBC</string>
				<string>848219EA1A873B0F00463B7E</string>
				<string>848219EB1A873B0F00463B7E</string>
				<string>848219EC1A873B0F00463B7E</string>
				<string>4A700F08788C3DC54FE56332</string>
			</array>
			<key>buildRules</key>
			<array/>
			<key>dependencies</key>
			<array/>
			<key>isa</key>
			<string>PBXNativeTarget</string>
			<key>name</key>
			<string>Tuple</string>
			<key>productName</key>
			<string>Tuple</string>
			<key>productReference</key>
			<string>848219EE1A873B0F00463B7E</string>
			<key>productType</key>
			<string>com.apple.product-type.application</string>
		</dict>
		<key>848219EE1A873B0F00463B7E</key>
		<dict>
			<key>explicitFileType</key>
			<string>wrapper.application</string>
			<key>includeInIndex</key>
			<string>0</string>
			<key>isa</key>
			<string>PBXFileReference</string>
			<key>path</key>
			<string>Tuple.app</string>
			<key>sourceTree</key>
			<string>BUILT_PRODUCTS_DIR</string>
		</dict>
		<key>848219EF1A873B0F00463B7E</key>
		<dict>
			<key>children</key>
			<array>
				<string>848219EE1A873B0F00463B7E</string>
				<string>84821A071A873B0F00463B7E</string>
			</array>
			<key>isa</key>
			<string>PBXGroup</string>
			<key>name</key>
			<string>Products</string>
			<key>sourceTree</key>
			<string>&lt;group&gt;</string>
		</dict>
		<key>848219F01A873B0F00463B7E</key>
		<dict>
			<key>children</key>
			<array>
				<string>84BFE0B01A8E995400721F88</string>
				<string>84BFE0AC1A8DF93100721F88</string>
				<string>84BFE0931A8DCE5300721F88</string>
				<string>84821ACB1A88201700463B7E</string>
				<string>84821A201A873C2600463B7E</string>
				<string>84821A931A87DC4E00463B7E</string>
				<string>84821A171A873BAB00463B7E</string>
				<string>84821AE01A88AF4900463B7E</string>
				<string>84821AA51A87F20E00463B7E</string>
				<string>84821A1B1A873BDB00463B7E</string>
				<string>84821A1C1A873BE100463B7E</string>
				<string>84821AEA1A89590500463B7E</string>
				<string>84821AC01A881D2000463B7E</string>
				<string>84821A1D1A873BE700463B7E</string>
				<string>84821A1E1A873C0100463B7E</string>
				<string>84821A1F1A873C0800463B7E</string>
				<string>84821A481A873CB900463B7E</string>
				<string>84821A491A873CB900463B7E</string>
				<string>848219FE1A873B0F00463B7E</string>
				<string>848219F11A873B0F00463B7E</string>
			</array>
			<key>isa</key>
			<string>PBXGroup</string>
			<key>path</key>
			<string>Tuple</string>
			<key>sourceTree</key>
			<string>&lt;group&gt;</string>
		</dict>
		<key>848219F11A873B0F00463B7E</key>
		<dict>
			<key>children</key>
			<array>
				<string>848219F21A873B0F00463B7E</string>
				<string>848219F31A873B0F00463B7E</string>
			</array>
			<key>isa</key>
			<string>PBXGroup</string>
			<key>name</key>
			<string>Supporting Files</string>
			<key>sourceTree</key>
			<string>&lt;group&gt;</string>
		</dict>
		<key>848219F21A873B0F00463B7E</key>
		<dict>
			<key>isa</key>
			<string>PBXFileReference</string>
			<key>lastKnownFileType</key>
			<string>text.plist.xml</string>
			<key>path</key>
			<string>Info.plist</string>
			<key>sourceTree</key>
			<string>&lt;group&gt;</string>
		</dict>
		<key>848219F31A873B0F00463B7E</key>
		<dict>
			<key>isa</key>
			<string>PBXFileReference</string>
			<key>lastKnownFileType</key>
			<string>sourcecode.c.objc</string>
			<key>path</key>
			<string>main.m</string>
			<key>sourceTree</key>
			<string>&lt;group&gt;</string>
		</dict>
		<key>848219F41A873B0F00463B7E</key>
		<dict>
			<key>fileRef</key>
			<string>848219F31A873B0F00463B7E</string>
			<key>isa</key>
			<string>PBXBuildFile</string>
		</dict>
		<key>848219FE1A873B0F00463B7E</key>
		<dict>
			<key>isa</key>
			<string>PBXFileReference</string>
			<key>lastKnownFileType</key>
			<string>folder.assetcatalog</string>
			<key>path</key>
			<string>Images.xcassets</string>
			<key>sourceTree</key>
			<string>&lt;group&gt;</string>
		</dict>
		<key>848219FF1A873B0F00463B7E</key>
		<dict>
			<key>fileRef</key>
			<string>848219FE1A873B0F00463B7E</string>
			<key>isa</key>
			<string>PBXBuildFile</string>
		</dict>
		<key>84821A031A873B0F00463B7E</key>
		<dict>
			<key>buildActionMask</key>
			<string>2147483647</string>
			<key>files</key>
			<array>
				<string>84821A0E1A873B0F00463B7E</string>
			</array>
			<key>isa</key>
			<string>PBXSourcesBuildPhase</string>
			<key>runOnlyForDeploymentPostprocessing</key>
			<string>0</string>
		</dict>
		<key>84821A041A873B0F00463B7E</key>
		<dict>
			<key>buildActionMask</key>
			<string>2147483647</string>
			<key>files</key>
			<array/>
			<key>isa</key>
			<string>PBXFrameworksBuildPhase</string>
			<key>runOnlyForDeploymentPostprocessing</key>
			<string>0</string>
		</dict>
		<key>84821A051A873B0F00463B7E</key>
		<dict>
			<key>buildActionMask</key>
			<string>2147483647</string>
			<key>files</key>
			<array/>
			<key>isa</key>
			<string>PBXResourcesBuildPhase</string>
			<key>runOnlyForDeploymentPostprocessing</key>
			<string>0</string>
		</dict>
		<key>84821A061A873B0F00463B7E</key>
		<dict>
			<key>buildConfigurationList</key>
			<string>84821A141A873B0F00463B7E</string>
			<key>buildPhases</key>
			<array>
				<string>84821A031A873B0F00463B7E</string>
				<string>84821A041A873B0F00463B7E</string>
				<string>84821A051A873B0F00463B7E</string>
			</array>
			<key>buildRules</key>
			<array/>
			<key>dependencies</key>
			<array>
				<string>84821A091A873B0F00463B7E</string>
			</array>
			<key>isa</key>
			<string>PBXNativeTarget</string>
			<key>name</key>
			<string>TupleTests</string>
			<key>productName</key>
			<string>TupleTests</string>
			<key>productReference</key>
			<string>84821A071A873B0F00463B7E</string>
			<key>productType</key>
			<string>com.apple.product-type.bundle.unit-test</string>
		</dict>
		<key>84821A071A873B0F00463B7E</key>
		<dict>
			<key>explicitFileType</key>
			<string>wrapper.cfbundle</string>
			<key>includeInIndex</key>
			<string>0</string>
			<key>isa</key>
			<string>PBXFileReference</string>
			<key>path</key>
			<string>TupleTests.xctest</string>
			<key>sourceTree</key>
			<string>BUILT_PRODUCTS_DIR</string>
		</dict>
		<key>84821A081A873B0F00463B7E</key>
		<dict>
			<key>containerPortal</key>
			<string>848219E61A873B0F00463B7E</string>
			<key>isa</key>
			<string>PBXContainerItemProxy</string>
			<key>proxyType</key>
			<string>1</string>
			<key>remoteGlobalIDString</key>
			<string>848219ED1A873B0F00463B7E</string>
			<key>remoteInfo</key>
			<string>Tuple</string>
		</dict>
		<key>84821A091A873B0F00463B7E</key>
		<dict>
			<key>isa</key>
			<string>PBXTargetDependency</string>
			<key>target</key>
			<string>848219ED1A873B0F00463B7E</string>
			<key>targetProxy</key>
			<string>84821A081A873B0F00463B7E</string>
		</dict>
		<key>84821A0A1A873B0F00463B7E</key>
		<dict>
			<key>children</key>
			<array>
				<string>84821A0D1A873B0F00463B7E</string>
				<string>84821A0B1A873B0F00463B7E</string>
			</array>
			<key>isa</key>
			<string>PBXGroup</string>
			<key>path</key>
			<string>TupleTests</string>
			<key>sourceTree</key>
			<string>&lt;group&gt;</string>
		</dict>
		<key>84821A0B1A873B0F00463B7E</key>
		<dict>
			<key>children</key>
			<array>
				<string>84821A0C1A873B0F00463B7E</string>
			</array>
			<key>isa</key>
			<string>PBXGroup</string>
			<key>name</key>
			<string>Supporting Files</string>
			<key>sourceTree</key>
			<string>&lt;group&gt;</string>
		</dict>
		<key>84821A0C1A873B0F00463B7E</key>
		<dict>
			<key>isa</key>
			<string>PBXFileReference</string>
			<key>lastKnownFileType</key>
			<string>text.plist.xml</string>
			<key>path</key>
			<string>Info.plist</string>
			<key>sourceTree</key>
			<string>&lt;group&gt;</string>
		</dict>
		<key>84821A0D1A873B0F00463B7E</key>
		<dict>
			<key>isa</key>
			<string>PBXFileReference</string>
			<key>lastKnownFileType</key>
			<string>sourcecode.c.objc</string>
			<key>path</key>
			<string>TupleTests.m</string>
			<key>sourceTree</key>
			<string>&lt;group&gt;</string>
		</dict>
		<key>84821A0E1A873B0F00463B7E</key>
		<dict>
			<key>fileRef</key>
			<string>84821A0D1A873B0F00463B7E</string>
			<key>isa</key>
			<string>PBXBuildFile</string>
		</dict>
		<key>84821A0F1A873B0F00463B7E</key>
		<dict>
			<key>buildSettings</key>
			<dict>
				<key>ALWAYS_SEARCH_USER_PATHS</key>
				<string>NO</string>
				<key>CLANG_CXX_LANGUAGE_STANDARD</key>
				<string>gnu++0x</string>
				<key>CLANG_CXX_LIBRARY</key>
				<string>libc++</string>
				<key>CLANG_ENABLE_MODULES</key>
				<string>YES</string>
				<key>CLANG_ENABLE_OBJC_ARC</key>
				<string>YES</string>
				<key>CLANG_WARN_BOOL_CONVERSION</key>
				<string>YES</string>
				<key>CLANG_WARN_CONSTANT_CONVERSION</key>
				<string>YES</string>
				<key>CLANG_WARN_DIRECT_OBJC_ISA_USAGE</key>
				<string>YES_ERROR</string>
				<key>CLANG_WARN_EMPTY_BODY</key>
				<string>YES</string>
				<key>CLANG_WARN_ENUM_CONVERSION</key>
				<string>YES</string>
				<key>CLANG_WARN_INT_CONVERSION</key>
				<string>YES</string>
				<key>CLANG_WARN_OBJC_ROOT_CLASS</key>
				<string>YES_ERROR</string>
				<key>CLANG_WARN_UNREACHABLE_CODE</key>
				<string>YES</string>
				<key>CLANG_WARN__DUPLICATE_METHOD_MATCH</key>
				<string>YES</string>
				<key>CODE_SIGN_IDENTITY[sdk=iphoneos*]</key>
				<string>iPhone Developer</string>
				<key>COPY_PHASE_STRIP</key>
				<string>NO</string>
				<key>ENABLE_STRICT_OBJC_MSGSEND</key>
				<string>YES</string>
				<key>GCC_C_LANGUAGE_STANDARD</key>
				<string>gnu99</string>
				<key>GCC_DYNAMIC_NO_PIC</key>
				<string>NO</string>
				<key>GCC_OPTIMIZATION_LEVEL</key>
				<string>0</string>
				<key>GCC_PREPROCESSOR_DEFINITIONS</key>
				<array>
					<string>DEBUG=1</string>
					<string>$(inherited)</string>
				</array>
				<key>GCC_SYMBOLS_PRIVATE_EXTERN</key>
				<string>NO</string>
				<key>GCC_WARN_64_TO_32_BIT_CONVERSION</key>
				<string>YES</string>
				<key>GCC_WARN_ABOUT_RETURN_TYPE</key>
				<string>YES_ERROR</string>
				<key>GCC_WARN_UNDECLARED_SELECTOR</key>
				<string>YES</string>
				<key>GCC_WARN_UNINITIALIZED_AUTOS</key>
				<string>YES_AGGRESSIVE</string>
				<key>GCC_WARN_UNUSED_FUNCTION</key>
				<string>YES</string>
				<key>GCC_WARN_UNUSED_VARIABLE</key>
				<string>YES</string>
				<key>IPHONEOS_DEPLOYMENT_TARGET</key>
				<string>8.1</string>
				<key>MTL_ENABLE_DEBUG_INFO</key>
				<string>YES</string>
				<key>ONLY_ACTIVE_ARCH</key>
				<string>YES</string>
				<key>PROVISIONING_PROFILE</key>
				<string>fb24365d-a2b3-44f4-a437-8cfde110f9cf</string>
				<key>SDKROOT</key>
				<string>iphoneos</string>
			</dict>
			<key>isa</key>
			<string>XCBuildConfiguration</string>
			<key>name</key>
			<string>Debug</string>
		</dict>
		<key>84821A101A873B0F00463B7E</key>
		<dict>
			<key>buildSettings</key>
			<dict>
				<key>ALWAYS_SEARCH_USER_PATHS</key>
				<string>NO</string>
				<key>CLANG_CXX_LANGUAGE_STANDARD</key>
				<string>gnu++0x</string>
				<key>CLANG_CXX_LIBRARY</key>
				<string>libc++</string>
				<key>CLANG_ENABLE_MODULES</key>
				<string>YES</string>
				<key>CLANG_ENABLE_OBJC_ARC</key>
				<string>YES</string>
				<key>CLANG_WARN_BOOL_CONVERSION</key>
				<string>YES</string>
				<key>CLANG_WARN_CONSTANT_CONVERSION</key>
				<string>YES</string>
				<key>CLANG_WARN_DIRECT_OBJC_ISA_USAGE</key>
				<string>YES_ERROR</string>
				<key>CLANG_WARN_EMPTY_BODY</key>
				<string>YES</string>
				<key>CLANG_WARN_ENUM_CONVERSION</key>
				<string>YES</string>
				<key>CLANG_WARN_INT_CONVERSION</key>
				<string>YES</string>
				<key>CLANG_WARN_OBJC_ROOT_CLASS</key>
				<string>YES_ERROR</string>
				<key>CLANG_WARN_UNREACHABLE_CODE</key>
				<string>YES</string>
				<key>CLANG_WARN__DUPLICATE_METHOD_MATCH</key>
				<string>YES</string>
				<key>CODE_SIGN_IDENTITY[sdk=iphoneos*]</key>
				<string>iPhone Developer</string>
				<key>COPY_PHASE_STRIP</key>
				<string>YES</string>
				<key>ENABLE_NS_ASSERTIONS</key>
				<string>NO</string>
				<key>ENABLE_STRICT_OBJC_MSGSEND</key>
				<string>YES</string>
				<key>GCC_C_LANGUAGE_STANDARD</key>
				<string>gnu99</string>
				<key>GCC_WARN_64_TO_32_BIT_CONVERSION</key>
				<string>YES</string>
				<key>GCC_WARN_ABOUT_RETURN_TYPE</key>
				<string>YES_ERROR</string>
				<key>GCC_WARN_UNDECLARED_SELECTOR</key>
				<string>YES</string>
				<key>GCC_WARN_UNINITIALIZED_AUTOS</key>
				<string>YES_AGGRESSIVE</string>
				<key>GCC_WARN_UNUSED_FUNCTION</key>
				<string>YES</string>
				<key>GCC_WARN_UNUSED_VARIABLE</key>
				<string>YES</string>
				<key>IPHONEOS_DEPLOYMENT_TARGET</key>
				<string>8.1</string>
				<key>MTL_ENABLE_DEBUG_INFO</key>
				<string>NO</string>
				<key>PROVISIONING_PROFILE</key>
				<string>fb24365d-a2b3-44f4-a437-8cfde110f9cf</string>
				<key>SDKROOT</key>
				<string>iphoneos</string>
				<key>VALIDATE_PRODUCT</key>
				<string>YES</string>
			</dict>
			<key>isa</key>
			<string>XCBuildConfiguration</string>
			<key>name</key>
			<string>Release</string>
		</dict>
		<key>84821A111A873B0F00463B7E</key>
		<dict>
			<key>buildConfigurations</key>
			<array>
				<string>84821A121A873B0F00463B7E</string>
				<string>84821A131A873B0F00463B7E</string>
			</array>
			<key>defaultConfigurationIsVisible</key>
			<string>0</string>
			<key>defaultConfigurationName</key>
			<string>Release</string>
			<key>isa</key>
			<string>XCConfigurationList</string>
		</dict>
		<key>84821A121A873B0F00463B7E</key>
		<dict>
			<key>baseConfigurationReference</key>
			<string>8E58D714B2E46233466CA53F</string>
			<key>buildSettings</key>
			<dict>
				<key>ASSETCATALOG_COMPILER_APPICON_NAME</key>
				<string>AppIcon</string>
				<key>ASSETCATALOG_COMPILER_LAUNCHIMAGE_NAME</key>
				<string>LaunchImage</string>
				<key>CLANG_ENABLE_MODULES</key>
				<string>YES</string>
				<key>CODE_SIGN_IDENTITY</key>
				<string>iPhone Developer</string>
				<key>CODE_SIGN_IDENTITY[sdk=iphoneos*]</key>
				<string>iPhone Developer</string>
				<key>FRAMEWORK_SEARCH_PATHS</key>
				<array>
					<string>$(inherited)</string>
					<string>$(PROJECT_DIR)</string>
				</array>
				<key>INFOPLIST_FILE</key>
				<string>Tuple/Info.plist</string>
				<key>IPHONEOS_DEPLOYMENT_TARGET</key>
				<string>8.0</string>
				<key>LD_RUNPATH_SEARCH_PATHS</key>
				<string>$(inherited) @executable_path/Frameworks</string>
				<key>LIBRARY_SEARCH_PATHS</key>
				<array>
					<string>$(inherited)</string>
					<string>$(PROJECT_DIR)</string>
					<string>$(PROJECT_DIR)/Pods/build/Debug-iphoneos</string>
				</array>
				<key>PRODUCT_NAME</key>
				<string>$(TARGET_NAME)</string>
				<key>PROVISIONING_PROFILE</key>
				<string>fb24365d-a2b3-44f4-a437-8cfde110f9cf</string>
				<key>SWIFT_OBJC_BRIDGING_HEADER</key>
				<string>Tuple/Tuple-Bridging-Header.h</string>
				<key>SWIFT_OPTIMIZATION_LEVEL</key>
				<string>-Onone</string>
			</dict>
			<key>isa</key>
			<string>XCBuildConfiguration</string>
			<key>name</key>
			<string>Debug</string>
		</dict>
		<key>84821A131A873B0F00463B7E</key>
		<dict>
			<key>baseConfigurationReference</key>
			<string>20EFEE7D5C0804330ACE15AB</string>
			<key>buildSettings</key>
			<dict>
				<key>ASSETCATALOG_COMPILER_APPICON_NAME</key>
				<string>AppIcon</string>
				<key>ASSETCATALOG_COMPILER_LAUNCHIMAGE_NAME</key>
				<string>LaunchImage</string>
				<key>CLANG_ENABLE_MODULES</key>
				<string>YES</string>
				<key>CODE_SIGN_IDENTITY</key>
				<string>iPhone Developer</string>
				<key>CODE_SIGN_IDENTITY[sdk=iphoneos*]</key>
				<string>iPhone Developer</string>
				<key>FRAMEWORK_SEARCH_PATHS</key>
				<array>
					<string>$(inherited)</string>
					<string>$(PROJECT_DIR)</string>
				</array>
				<key>INFOPLIST_FILE</key>
				<string>Tuple/Info.plist</string>
				<key>IPHONEOS_DEPLOYMENT_TARGET</key>
				<string>8.0</string>
				<key>LD_RUNPATH_SEARCH_PATHS</key>
				<string>$(inherited) @executable_path/Frameworks</string>
				<key>LIBRARY_SEARCH_PATHS</key>
				<array>
					<string>$(inherited)</string>
					<string>$(PROJECT_DIR)</string>
					<string>$(PROJECT_DIR)/Pods/build/Debug-iphoneos</string>
				</array>
				<key>PRODUCT_NAME</key>
				<string>$(TARGET_NAME)</string>
				<key>PROVISIONING_PROFILE</key>
				<string>fb24365d-a2b3-44f4-a437-8cfde110f9cf</string>
				<key>SWIFT_OBJC_BRIDGING_HEADER</key>
				<string>Tuple/Tuple-Bridging-Header.h</string>
			</dict>
			<key>isa</key>
			<string>XCBuildConfiguration</string>
			<key>name</key>
			<string>Release</string>
		</dict>
		<key>84821A141A873B0F00463B7E</key>
		<dict>
			<key>buildConfigurations</key>
			<array>
				<string>84821A151A873B0F00463B7E</string>
				<string>84821A161A873B0F00463B7E</string>
			</array>
			<key>defaultConfigurationIsVisible</key>
			<string>0</string>
			<key>defaultConfigurationName</key>
			<string>Release</string>
			<key>isa</key>
			<string>XCConfigurationList</string>
		</dict>
		<key>84821A151A873B0F00463B7E</key>
		<dict>
			<key>buildSettings</key>
			<dict>
				<key>BUNDLE_LOADER</key>
				<string>$(TEST_HOST)</string>
				<key>CODE_SIGN_IDENTITY</key>
				<string>iPhone Developer</string>
				<key>CODE_SIGN_IDENTITY[sdk=iphoneos*]</key>
				<string>iPhone Developer</string>
				<key>FRAMEWORK_SEARCH_PATHS</key>
				<array>
					<string>$(SDKROOT)/Developer/Library/Frameworks</string>
					<string>$(inherited)</string>
				</array>
				<key>GCC_PREPROCESSOR_DEFINITIONS</key>
				<array>
					<string>DEBUG=1</string>
					<string>$(inherited)</string>
				</array>
				<key>INFOPLIST_FILE</key>
				<string>TupleTests/Info.plist</string>
				<key>LD_RUNPATH_SEARCH_PATHS</key>
				<string>$(inherited) @executable_path/Frameworks @loader_path/Frameworks</string>
				<key>PRODUCT_NAME</key>
				<string>$(TARGET_NAME)</string>
				<key>PROVISIONING_PROFILE</key>
				<string></string>
				<key>TEST_HOST</key>
				<string>$(BUILT_PRODUCTS_DIR)/Tuple.app/Tuple</string>
			</dict>
			<key>isa</key>
			<string>XCBuildConfiguration</string>
			<key>name</key>
			<string>Debug</string>
		</dict>
		<key>84821A161A873B0F00463B7E</key>
		<dict>
			<key>buildSettings</key>
			<dict>
				<key>BUNDLE_LOADER</key>
				<string>$(TEST_HOST)</string>
				<key>CODE_SIGN_IDENTITY</key>
				<string>iPhone Developer</string>
				<key>CODE_SIGN_IDENTITY[sdk=iphoneos*]</key>
				<string>iPhone Developer</string>
				<key>FRAMEWORK_SEARCH_PATHS</key>
				<array>
					<string>$(SDKROOT)/Developer/Library/Frameworks</string>
					<string>$(inherited)</string>
				</array>
				<key>INFOPLIST_FILE</key>
				<string>TupleTests/Info.plist</string>
				<key>LD_RUNPATH_SEARCH_PATHS</key>
				<string>$(inherited) @executable_path/Frameworks @loader_path/Frameworks</string>
				<key>PRODUCT_NAME</key>
				<string>$(TARGET_NAME)</string>
				<key>PROVISIONING_PROFILE</key>
				<string></string>
				<key>TEST_HOST</key>
				<string>$(BUILT_PRODUCTS_DIR)/Tuple.app/Tuple</string>
			</dict>
			<key>isa</key>
			<string>XCBuildConfiguration</string>
			<key>name</key>
			<string>Release</string>
		</dict>
		<key>84821A171A873BAB00463B7E</key>
		<dict>
			<key>children</key>
			<array>
				<string>84821A181A873BD800463B7E</string>
				<string>84821A191A873BD800463B7E</string>
				<string>84821ADD1A88AA0300463B7E</string>
				<string>84821ADE1A88AA0300463B7E</string>
				<string>84821AEB1A899AA000463B7E</string>
				<string>84821AEC1A899AA000463B7E</string>
				<string>84821AEE1A89A93200463B7E</string>
				<string>84821AEF1A89A93200463B7E</string>
			</array>
			<key>isa</key>
			<string>PBXGroup</string>
			<key>name</key>
			<string>Converters</string>
			<key>sourceTree</key>
			<string>&lt;group&gt;</string>
		</dict>
		<key>84821A181A873BD800463B7E</key>
		<dict>
			<key>fileEncoding</key>
			<string>4</string>
			<key>isa</key>
			<string>PBXFileReference</string>
			<key>lastKnownFileType</key>
			<string>sourcecode.c.h</string>
			<key>path</key>
			<string>NSDataConvert.h</string>
			<key>sourceTree</key>
			<string>&lt;group&gt;</string>
		</dict>
		<key>84821A191A873BD800463B7E</key>
		<dict>
			<key>fileEncoding</key>
			<string>4</string>
			<key>isa</key>
			<string>PBXFileReference</string>
			<key>lastKnownFileType</key>
			<string>sourcecode.c.objc</string>
			<key>path</key>
			<string>NSDataConvert.m</string>
			<key>sourceTree</key>
			<string>&lt;group&gt;</string>
		</dict>
		<key>84821A1A1A873BD800463B7E</key>
		<dict>
			<key>fileRef</key>
			<string>84821A191A873BD800463B7E</string>
			<key>isa</key>
			<string>PBXBuildFile</string>
		</dict>
		<key>84821A1B1A873BDB00463B7E</key>
		<dict>
			<key>children</key>
			<array>
				<string>84821AD91A88A03500463B7E</string>
				<string>84821A911A8744DC00463B7E</string>
				<string>84821A211A873C2600463B7E</string>
				<string>84821A221A873C2600463B7E</string>
				<string>84821A231A873C2600463B7E</string>
				<string>84821A241A873C2600463B7E</string>
				<string>84BFE0A41A8DF0E300721F88</string>
				<string>84BFE0A51A8DF0E300721F88</string>
			</array>
			<key>isa</key>
			<string>PBXGroup</string>
			<key>name</key>
			<string>FirstUserSteps</string>
			<key>sourceTree</key>
			<string>&lt;group&gt;</string>
		</dict>
		<key>84821A1C1A873BE100463B7E</key>
		<dict>
			<key>children</key>
			<array>
				<string>84821A291A873C4A00463B7E</string>
				<string>84821A2A1A873C4A00463B7E</string>
				<string>84BFE0A81A8DF6E700721F88</string>
				<string>84BFE0A91A8DF6E700721F88</string>
			</array>
			<key>isa</key>
			<string>PBXGroup</string>
			<key>name</key>
			<string>MainInterface</string>
			<key>sourceTree</key>
			<string>&lt;group&gt;</string>
		</dict>
		<key>84821A1D1A873BE700463B7E</key>
		<dict>
			<key>children</key>
			<array>
				<string>84821AB31A88055B00463B7E</string>
				<string>84821A2D1A873C5100463B7E</string>
				<string>84821A2E1A873C5900463B7E</string>
				<string>84821A371A873C7D00463B7E</string>
				<string>84821A381A873C7D00463B7E</string>
				<string>84821A391A873C7D00463B7E</string>
			</array>
			<key>isa</key>
			<string>PBXGroup</string>
			<key>name</key>
			<string>SendInvitesInterface</string>
			<key>sourceTree</key>
			<string>&lt;group&gt;</string>
		</dict>
		<key>84821A1E1A873C0100463B7E</key>
		<dict>
			<key>children</key>
			<array>
				<string>84821A3C1A873CA600463B7E</string>
				<string>84821A3D1A873CA600463B7E</string>
				<string>84821A3E1A873CA600463B7E</string>
			</array>
			<key>isa</key>
			<string>PBXGroup</string>
			<key>name</key>
			<string>MessagingGroup</string>
			<key>sourceTree</key>
			<string>&lt;group&gt;</string>
		</dict>
		<key>84821A1F1A873C0800463B7E</key>
		<dict>
			<key>children</key>
			<array>
				<string>84821A411A873CAE00463B7E</string>
				<string>84821A421A873CAE00463B7E</string>
				<string>84821A431A873CAE00463B7E</string>
				<string>84821A441A873CAE00463B7E</string>
			</array>
			<key>isa</key>
			<string>PBXGroup</string>
			<key>name</key>
			<string>FeedbackInterface</string>
			<key>sourceTree</key>
			<string>&lt;group&gt;</string>
		</dict>
		<key>84821A201A873C2600463B7E</key>
		<dict>
			<key>isa</key>
			<string>PBXFileReference</string>
			<key>lastKnownFileType</key>
			<string>sourcecode.c.h</string>
			<key>path</key>
			<string>Tuple-Bridging-Header.h</string>
			<key>sourceTree</key>
			<string>&lt;group&gt;</string>
		</dict>
		<key>84821A211A873C2600463B7E</key>
		<dict>
			<key>fileEncoding</key>
			<string>4</string>
			<key>isa</key>
			<string>PBXFileReference</string>
			<key>lastKnownFileType</key>
			<string>sourcecode.swift</string>
			<key>path</key>
			<string>IntroViewController.swift</string>
			<key>sourceTree</key>
			<string>&lt;group&gt;</string>
		</dict>
		<key>84821A221A873C2600463B7E</key>
		<dict>
			<key>fileEncoding</key>
			<string>4</string>
			<key>isa</key>
			<string>PBXFileReference</string>
			<key>lastKnownFileType</key>
			<string>file.xib</string>
			<key>path</key>
			<string>IntroViewController.xib</string>
			<key>sourceTree</key>
			<string>&lt;group&gt;</string>
		</dict>
		<key>84821A231A873C2600463B7E</key>
		<dict>
			<key>fileEncoding</key>
			<string>4</string>
			<key>isa</key>
			<string>PBXFileReference</string>
			<key>lastKnownFileType</key>
			<string>sourcecode.swift</string>
			<key>path</key>
			<string>MakeNewAccountViewController.swift</string>
			<key>sourceTree</key>
			<string>&lt;group&gt;</string>
		</dict>
		<key>84821A241A873C2600463B7E</key>
		<dict>
			<key>fileEncoding</key>
			<string>4</string>
			<key>isa</key>
			<string>PBXFileReference</string>
			<key>lastKnownFileType</key>
			<string>file.xib</string>
			<key>path</key>
			<string>MakeNewAccountViewController.xib</string>
			<key>sourceTree</key>
			<string>&lt;group&gt;</string>
		</dict>
		<key>84821A251A873C2600463B7E</key>
		<dict>
			<key>fileRef</key>
			<string>84821A211A873C2600463B7E</string>
			<key>isa</key>
			<string>PBXBuildFile</string>
		</dict>
		<key>84821A261A873C2600463B7E</key>
		<dict>
			<key>fileRef</key>
			<string>84821A221A873C2600463B7E</string>
			<key>isa</key>
			<string>PBXBuildFile</string>
		</dict>
		<key>84821A271A873C2600463B7E</key>
		<dict>
			<key>fileRef</key>
			<string>84821A231A873C2600463B7E</string>
			<key>isa</key>
			<string>PBXBuildFile</string>
		</dict>
		<key>84821A281A873C2600463B7E</key>
		<dict>
			<key>fileRef</key>
			<string>84821A241A873C2600463B7E</string>
			<key>isa</key>
			<string>PBXBuildFile</string>
		</dict>
		<key>84821A291A873C4A00463B7E</key>
		<dict>
			<key>fileEncoding</key>
			<string>4</string>
			<key>isa</key>
			<string>PBXFileReference</string>
			<key>lastKnownFileType</key>
			<string>sourcecode.swift</string>
			<key>path</key>
			<string>WhereWhenViewController.swift</string>
			<key>sourceTree</key>
			<string>&lt;group&gt;</string>
		</dict>
		<key>84821A2A1A873C4A00463B7E</key>
		<dict>
			<key>fileEncoding</key>
			<string>4</string>
			<key>isa</key>
			<string>PBXFileReference</string>
			<key>lastKnownFileType</key>
			<string>file.xib</string>
			<key>path</key>
			<string>WhereWhenViewController.xib</string>
			<key>sourceTree</key>
			<string>&lt;group&gt;</string>
		</dict>
		<key>84821A2B1A873C4A00463B7E</key>
		<dict>
			<key>fileRef</key>
			<string>84821A291A873C4A00463B7E</string>
			<key>isa</key>
			<string>PBXBuildFile</string>
		</dict>
		<key>84821A2C1A873C4A00463B7E</key>
		<dict>
			<key>fileRef</key>
			<string>84821A2A1A873C4A00463B7E</string>
			<key>isa</key>
			<string>PBXBuildFile</string>
		</dict>
		<key>84821A2D1A873C5100463B7E</key>
		<dict>
			<key>children</key>
			<array>
				<string>84821A2F1A873C6F00463B7E</string>
				<string>84821A301A873C6F00463B7E</string>
			</array>
			<key>isa</key>
			<string>PBXGroup</string>
			<key>name</key>
			<string>SendInvitesAPI</string>
			<key>sourceTree</key>
			<string>&lt;group&gt;</string>
		</dict>
		<key>84821A2E1A873C5900463B7E</key>
		<dict>
			<key>children</key>
			<array>
				<string>84821A321A873C7500463B7E</string>
				<string>84821A331A873C7500463B7E</string>
				<string>84821A341A873C7500463B7E</string>
			</array>
			<key>isa</key>
			<string>PBXGroup</string>
			<key>name</key>
			<string>CustomTableCells</string>
			<key>sourceTree</key>
			<string>&lt;group&gt;</string>
		</dict>
		<key>84821A2F1A873C6F00463B7E</key>
		<dict>
			<key>fileEncoding</key>
			<string>4</string>
			<key>isa</key>
			<string>PBXFileReference</string>
			<key>lastKnownFileType</key>
			<string>sourcecode.c.h</string>
			<key>path</key>
			<string>PushToParseCloud.h</string>
			<key>sourceTree</key>
			<string>&lt;group&gt;</string>
		</dict>
		<key>84821A301A873C6F00463B7E</key>
		<dict>
			<key>fileEncoding</key>
			<string>4</string>
			<key>isa</key>
			<string>PBXFileReference</string>
			<key>lastKnownFileType</key>
			<string>sourcecode.c.objc</string>
			<key>path</key>
			<string>PushToParseCloud.m</string>
			<key>sourceTree</key>
			<string>&lt;group&gt;</string>
		</dict>
		<key>84821A311A873C6F00463B7E</key>
		<dict>
			<key>fileRef</key>
			<string>84821A301A873C6F00463B7E</string>
			<key>isa</key>
			<string>PBXBuildFile</string>
		</dict>
		<key>84821A321A873C7500463B7E</key>
		<dict>
			<key>fileEncoding</key>
			<string>4</string>
			<key>isa</key>
			<string>PBXFileReference</string>
			<key>lastKnownFileType</key>
			<string>sourcecode.c.h</string>
			<key>path</key>
			<string>BlastOffTableViewCell.h</string>
			<key>sourceTree</key>
			<string>&lt;group&gt;</string>
		</dict>
		<key>84821A331A873C7500463B7E</key>
		<dict>
			<key>fileEncoding</key>
			<string>4</string>
			<key>isa</key>
			<string>PBXFileReference</string>
			<key>lastKnownFileType</key>
			<string>sourcecode.c.objc</string>
			<key>path</key>
			<string>BlastOffTableViewCell.m</string>
			<key>sourceTree</key>
			<string>&lt;group&gt;</string>
		</dict>
		<key>84821A341A873C7500463B7E</key>
		<dict>
			<key>fileEncoding</key>
			<string>4</string>
			<key>isa</key>
			<string>PBXFileReference</string>
			<key>lastKnownFileType</key>
			<string>file.xib</string>
			<key>path</key>
			<string>BlastOffTableViewCell.xib</string>
			<key>sourceTree</key>
			<string>&lt;group&gt;</string>
		</dict>
		<key>84821A351A873C7500463B7E</key>
		<dict>
			<key>fileRef</key>
			<string>84821A331A873C7500463B7E</string>
			<key>isa</key>
			<string>PBXBuildFile</string>
		</dict>
		<key>84821A361A873C7500463B7E</key>
		<dict>
			<key>fileRef</key>
			<string>84821A341A873C7500463B7E</string>
			<key>isa</key>
			<string>PBXBuildFile</string>
		</dict>
		<key>84821A371A873C7D00463B7E</key>
		<dict>
			<key>fileEncoding</key>
			<string>4</string>
			<key>isa</key>
			<string>PBXFileReference</string>
			<key>lastKnownFileType</key>
			<string>sourcecode.c.h</string>
			<key>path</key>
			<string>SendInvitesViewController.h</string>
			<key>sourceTree</key>
			<string>&lt;group&gt;</string>
		</dict>
		<key>84821A381A873C7D00463B7E</key>
		<dict>
			<key>fileEncoding</key>
			<string>4</string>
			<key>isa</key>
			<string>PBXFileReference</string>
			<key>lastKnownFileType</key>
			<string>sourcecode.c.objc</string>
			<key>path</key>
			<string>SendInvitesViewController.m</string>
			<key>sourceTree</key>
			<string>&lt;group&gt;</string>
		</dict>
		<key>84821A391A873C7D00463B7E</key>
		<dict>
			<key>fileEncoding</key>
			<string>4</string>
			<key>isa</key>
			<string>PBXFileReference</string>
			<key>lastKnownFileType</key>
			<string>file.xib</string>
			<key>path</key>
			<string>SendInvitesViewController.xib</string>
			<key>sourceTree</key>
			<string>&lt;group&gt;</string>
		</dict>
		<key>84821A3A1A873C7D00463B7E</key>
		<dict>
			<key>fileRef</key>
			<string>84821A381A873C7D00463B7E</string>
			<key>isa</key>
			<string>PBXBuildFile</string>
		</dict>
		<key>84821A3B1A873C7D00463B7E</key>
		<dict>
			<key>fileRef</key>
			<string>84821A391A873C7D00463B7E</string>
			<key>isa</key>
			<string>PBXBuildFile</string>
		</dict>
		<key>84821A3C1A873CA600463B7E</key>
		<dict>
			<key>fileEncoding</key>
			<string>4</string>
			<key>isa</key>
			<string>PBXFileReference</string>
			<key>lastKnownFileType</key>
			<string>sourcecode.c.h</string>
			<key>path</key>
			<string>MessagingViewController.h</string>
			<key>sourceTree</key>
			<string>&lt;group&gt;</string>
		</dict>
		<key>84821A3D1A873CA600463B7E</key>
		<dict>
			<key>fileEncoding</key>
			<string>4</string>
			<key>isa</key>
			<string>PBXFileReference</string>
			<key>lastKnownFileType</key>
			<string>sourcecode.c.objc</string>
			<key>path</key>
			<string>MessagingViewController.m</string>
			<key>sourceTree</key>
			<string>&lt;group&gt;</string>
		</dict>
		<key>84821A3E1A873CA600463B7E</key>
		<dict>
			<key>fileEncoding</key>
			<string>4</string>
			<key>isa</key>
			<string>PBXFileReference</string>
			<key>lastKnownFileType</key>
			<string>file.xib</string>
			<key>path</key>
			<string>MessagingViewController.xib</string>
			<key>sourceTree</key>
			<string>&lt;group&gt;</string>
		</dict>
		<key>84821A3F1A873CA600463B7E</key>
		<dict>
			<key>fileRef</key>
			<string>84821A3D1A873CA600463B7E</string>
			<key>isa</key>
			<string>PBXBuildFile</string>
		</dict>
		<key>84821A401A873CA600463B7E</key>
		<dict>
			<key>fileRef</key>
			<string>84821A3E1A873CA600463B7E</string>
			<key>isa</key>
			<string>PBXBuildFile</string>
		</dict>
		<key>84821A411A873CAE00463B7E</key>
		<dict>
			<key>fileEncoding</key>
			<string>4</string>
			<key>isa</key>
			<string>PBXFileReference</string>
			<key>lastKnownFileType</key>
			<string>sourcecode.swift</string>
			<key>path</key>
			<string>FeedbackViewController.swift</string>
			<key>sourceTree</key>
			<string>&lt;group&gt;</string>
		</dict>
		<key>84821A421A873CAE00463B7E</key>
		<dict>
			<key>fileEncoding</key>
			<string>4</string>
			<key>isa</key>
			<string>PBXFileReference</string>
			<key>lastKnownFileType</key>
			<string>file.xib</string>
			<key>path</key>
			<string>FeedbackViewController.xib</string>
			<key>sourceTree</key>
			<string>&lt;group&gt;</string>
		</dict>
		<key>84821A431A873CAE00463B7E</key>
		<dict>
			<key>fileEncoding</key>
			<string>4</string>
			<key>isa</key>
			<string>PBXFileReference</string>
			<key>lastKnownFileType</key>
			<string>sourcecode.c.h</string>
			<key>path</key>
			<string>ReportBug.h</string>
			<key>sourceTree</key>
			<string>&lt;group&gt;</string>
		</dict>
		<key>84821A441A873CAE00463B7E</key>
		<dict>
			<key>fileEncoding</key>
			<string>4</string>
			<key>isa</key>
			<string>PBXFileReference</string>
			<key>lastKnownFileType</key>
			<string>sourcecode.c.objc</string>
			<key>path</key>
			<string>ReportBug.m</string>
			<key>sourceTree</key>
			<string>&lt;group&gt;</string>
		</dict>
		<key>84821A451A873CAE00463B7E</key>
		<dict>
			<key>fileRef</key>
			<string>84821A411A873CAE00463B7E</string>
			<key>isa</key>
			<string>PBXBuildFile</string>
		</dict>
		<key>84821A461A873CAE00463B7E</key>
		<dict>
			<key>fileRef</key>
			<string>84821A421A873CAE00463B7E</string>
			<key>isa</key>
			<string>PBXBuildFile</string>
		</dict>
		<key>84821A471A873CAE00463B7E</key>
		<dict>
			<key>fileRef</key>
			<string>84821A441A873CAE00463B7E</string>
			<key>isa</key>
			<string>PBXBuildFile</string>
		</dict>
		<key>84821A481A873CB900463B7E</key>
		<dict>
			<key>fileEncoding</key>
			<string>4</string>
			<key>isa</key>
			<string>PBXFileReference</string>
			<key>lastKnownFileType</key>
			<string>sourcecode.c.h</string>
			<key>path</key>
			<string>AppDelegate.h</string>
			<key>sourceTree</key>
			<string>&lt;group&gt;</string>
		</dict>
		<key>84821A491A873CB900463B7E</key>
		<dict>
			<key>fileEncoding</key>
			<string>4</string>
			<key>isa</key>
			<string>PBXFileReference</string>
			<key>lastKnownFileType</key>
			<string>sourcecode.c.objc</string>
			<key>path</key>
			<string>AppDelegate.m</string>
			<key>sourceTree</key>
			<string>&lt;group&gt;</string>
		</dict>
		<key>84821A4A1A873CB900463B7E</key>
		<dict>
			<key>fileRef</key>
			<string>84821A491A873CB900463B7E</string>
			<key>isa</key>
			<string>PBXBuildFile</string>
		</dict>
		<key>84821A4B1A873E9100463B7E</key>
		<dict>
			<key>children</key>
			<array>
				<string>84821AA91A87F33700463B7E</string>
				<string>84821AAA1A87F33800463B7E</string>
				<string>84821A821A873FE000463B7E</string>
				<string>84821A831A873FE000463B7E</string>
				<string>84821A841A873FE000463B7E</string>
				<string>84821A851A873FE000463B7E</string>
				<string>84821A861A873FE000463B7E</string>
				<string>84821A871A873FE000463B7E</string>
				<string>84821A761A873FCB00463B7E</string>
				<string>84821A771A873FCB00463B7E</string>
				<string>84821A781A873FCB00463B7E</string>
				<string>84821A791A873FCB00463B7E</string>
				<string>84821A7A1A873FCB00463B7E</string>
				<string>84821A7B1A873FCB00463B7E</string>
				<string>84821A711A873FA700463B7E</string>
				<string>84821A721A873FA700463B7E</string>
				<string>84821A6C1A873EDF00463B7E</string>
				<string>84821A6D1A873EDF00463B7E</string>
				<string>6173AC9A3E0B23079BBBB0E6</string>
			</array>
			<key>isa</key>
			<string>PBXGroup</string>
			<key>name</key>
			<string>Frameworks</string>
			<key>sourceTree</key>
			<string>&lt;group&gt;</string>
		</dict>
		<key>84821A6C1A873EDF00463B7E</key>
		<dict>
			<key>isa</key>
			<string>PBXFileReference</string>
			<key>lastKnownFileType</key>
			<string>wrapper.framework</string>
			<key>path</key>
			<string>Bolts.framework</string>
			<key>sourceTree</key>
			<string>&lt;group&gt;</string>
		</dict>
		<key>84821A6D1A873EDF00463B7E</key>
		<dict>
			<key>isa</key>
			<string>PBXFileReference</string>
			<key>lastKnownFileType</key>
			<string>wrapper.framework</string>
			<key>path</key>
			<string>Parse.framework</string>
			<key>sourceTree</key>
			<string>&lt;group&gt;</string>
		</dict>
		<key>84821A6E1A873EDF00463B7E</key>
		<dict>
			<key>fileRef</key>
			<string>84821A6C1A873EDF00463B7E</string>
			<key>isa</key>
			<string>PBXBuildFile</string>
		</dict>
		<key>84821A6F1A873EDF00463B7E</key>
		<dict>
			<key>fileRef</key>
			<string>84821A6D1A873EDF00463B7E</string>
			<key>isa</key>
			<string>PBXBuildFile</string>
		</dict>
		<key>84821A711A873FA700463B7E</key>
		<dict>
			<key>isa</key>
			<string>PBXFileReference</string>
			<key>lastKnownFileType</key>
			<string>wrapper.framework</string>
			<key>name</key>
			<string>Accelerate.framework</string>
			<key>path</key>
			<string>System/Library/Frameworks/Accelerate.framework</string>
			<key>sourceTree</key>
			<string>SDKROOT</string>
		</dict>
		<key>84821A721A873FA700463B7E</key>
		<dict>
			<key>isa</key>
			<string>PBXFileReference</string>
			<key>lastKnownFileType</key>
			<string>wrapper.framework</string>
			<key>name</key>
			<string>Accounts.framework</string>
			<key>path</key>
			<string>System/Library/Frameworks/Accounts.framework</string>
			<key>sourceTree</key>
			<string>SDKROOT</string>
		</dict>
		<key>84821A741A873FA700463B7E</key>
		<dict>
			<key>fileRef</key>
			<string>84821A711A873FA700463B7E</string>
			<key>isa</key>
			<string>PBXBuildFile</string>
		</dict>
		<key>84821A751A873FA700463B7E</key>
		<dict>
			<key>fileRef</key>
			<string>84821A721A873FA700463B7E</string>
			<key>isa</key>
			<string>PBXBuildFile</string>
		</dict>
		<key>84821A761A873FCB00463B7E</key>
		<dict>
			<key>isa</key>
			<string>PBXFileReference</string>
			<key>lastKnownFileType</key>
			<string>wrapper.framework</string>
			<key>name</key>
			<string>AudioToolbox.framework</string>
			<key>path</key>
			<string>System/Library/Frameworks/AudioToolbox.framework</string>
			<key>sourceTree</key>
			<string>SDKROOT</string>
		</dict>
		<key>84821A771A873FCB00463B7E</key>
		<dict>
			<key>isa</key>
			<string>PBXFileReference</string>
			<key>lastKnownFileType</key>
			<string>wrapper.framework</string>
			<key>name</key>
			<string>CFNetwork.framework</string>
			<key>path</key>
			<string>System/Library/Frameworks/CFNetwork.framework</string>
			<key>sourceTree</key>
			<string>SDKROOT</string>
		</dict>
		<key>84821A781A873FCB00463B7E</key>
		<dict>
			<key>isa</key>
			<string>PBXFileReference</string>
			<key>lastKnownFileType</key>
			<string>wrapper.framework</string>
			<key>name</key>
			<string>CoreData.framework</string>
			<key>path</key>
			<string>System/Library/Frameworks/CoreData.framework</string>
			<key>sourceTree</key>
			<string>SDKROOT</string>
		</dict>
		<key>84821A791A873FCB00463B7E</key>
		<dict>
			<key>isa</key>
			<string>PBXFileReference</string>
			<key>lastKnownFileType</key>
			<string>wrapper.framework</string>
			<key>name</key>
			<string>CoreLocation.framework</string>
			<key>path</key>
			<string>System/Library/Frameworks/CoreLocation.framework</string>
			<key>sourceTree</key>
			<string>SDKROOT</string>
		</dict>
		<key>84821A7A1A873FCB00463B7E</key>
		<dict>
			<key>isa</key>
			<string>PBXFileReference</string>
			<key>lastKnownFileType</key>
			<string>compiled.mach-o.dylib</string>
			<key>name</key>
			<string>libsqlite3.dylib</string>
			<key>path</key>
			<string>usr/lib/libsqlite3.dylib</string>
			<key>sourceTree</key>
			<string>SDKROOT</string>
		</dict>
		<key>84821A7B1A873FCB00463B7E</key>
		<dict>
			<key>isa</key>
			<string>PBXFileReference</string>
			<key>lastKnownFileType</key>
			<string>compiled.mach-o.dylib</string>
			<key>name</key>
			<string>libz.dylib</string>
			<key>path</key>
			<string>usr/lib/libz.dylib</string>
			<key>sourceTree</key>
			<string>SDKROOT</string>
		</dict>
		<key>84821A7C1A873FCB00463B7E</key>
		<dict>
			<key>fileRef</key>
			<string>84821A761A873FCB00463B7E</string>
			<key>isa</key>
			<string>PBXBuildFile</string>
		</dict>
		<key>84821A7D1A873FCB00463B7E</key>
		<dict>
			<key>fileRef</key>
			<string>84821A771A873FCB00463B7E</string>
			<key>isa</key>
			<string>PBXBuildFile</string>
		</dict>
		<key>84821A7E1A873FCB00463B7E</key>
		<dict>
			<key>fileRef</key>
			<string>84821A781A873FCB00463B7E</string>
			<key>isa</key>
			<string>PBXBuildFile</string>
		</dict>
		<key>84821A7F1A873FCB00463B7E</key>
		<dict>
			<key>fileRef</key>
			<string>84821A791A873FCB00463B7E</string>
			<key>isa</key>
			<string>PBXBuildFile</string>
		</dict>
		<key>84821A801A873FCB00463B7E</key>
		<dict>
			<key>fileRef</key>
			<string>84821A7A1A873FCB00463B7E</string>
			<key>isa</key>
			<string>PBXBuildFile</string>
		</dict>
		<key>84821A811A873FCB00463B7E</key>
		<dict>
			<key>fileRef</key>
			<string>84821A7B1A873FCB00463B7E</string>
			<key>isa</key>
			<string>PBXBuildFile</string>
		</dict>
		<key>84821A821A873FE000463B7E</key>
		<dict>
			<key>isa</key>
			<string>PBXFileReference</string>
			<key>lastKnownFileType</key>
			<string>wrapper.framework</string>
			<key>name</key>
			<string>MobileCoreServices.framework</string>
			<key>path</key>
			<string>System/Library/Frameworks/MobileCoreServices.framework</string>
			<key>sourceTree</key>
			<string>SDKROOT</string>
		</dict>
		<key>84821A831A873FE000463B7E</key>
		<dict>
			<key>isa</key>
			<string>PBXFileReference</string>
			<key>lastKnownFileType</key>
			<string>wrapper.framework</string>
			<key>name</key>
			<string>QuartzCore.framework</string>
			<key>path</key>
			<string>System/Library/Frameworks/QuartzCore.framework</string>
			<key>sourceTree</key>
			<string>SDKROOT</string>
		</dict>
		<key>84821A841A873FE000463B7E</key>
		<dict>
			<key>isa</key>
			<string>PBXFileReference</string>
			<key>lastKnownFileType</key>
			<string>wrapper.framework</string>
			<key>name</key>
			<string>Security.framework</string>
			<key>path</key>
			<string>System/Library/Frameworks/Security.framework</string>
			<key>sourceTree</key>
			<string>SDKROOT</string>
		</dict>
		<key>84821A851A873FE000463B7E</key>
		<dict>
			<key>isa</key>
			<string>PBXFileReference</string>
			<key>lastKnownFileType</key>
			<string>wrapper.framework</string>
			<key>name</key>
			<string>Social.framework</string>
			<key>path</key>
			<string>System/Library/Frameworks/Social.framework</string>
			<key>sourceTree</key>
			<string>SDKROOT</string>
		</dict>
		<key>84821A861A873FE000463B7E</key>
		<dict>
			<key>isa</key>
			<string>PBXFileReference</string>
			<key>lastKnownFileType</key>
			<string>wrapper.framework</string>
			<key>name</key>
			<string>SystemConfiguration.framework</string>
			<key>path</key>
			<string>System/Library/Frameworks/SystemConfiguration.framework</string>
			<key>sourceTree</key>
			<string>SDKROOT</string>
		</dict>
		<key>84821A871A873FE000463B7E</key>
		<dict>
			<key>isa</key>
			<string>PBXFileReference</string>
			<key>lastKnownFileType</key>
			<string>wrapper.framework</string>
			<key>name</key>
			<string>Twitter.framework</string>
			<key>path</key>
			<string>System/Library/Frameworks/Twitter.framework</string>
			<key>sourceTree</key>
			<string>SDKROOT</string>
		</dict>
		<key>84821A881A873FE000463B7E</key>
		<dict>
			<key>fileRef</key>
			<string>84821A821A873FE000463B7E</string>
			<key>isa</key>
			<string>PBXBuildFile</string>
		</dict>
		<key>84821A891A873FE000463B7E</key>
		<dict>
			<key>fileRef</key>
			<string>84821A831A873FE000463B7E</string>
			<key>isa</key>
			<string>PBXBuildFile</string>
		</dict>
		<key>84821A8A1A873FE000463B7E</key>
		<dict>
			<key>fileRef</key>
			<string>84821A841A873FE000463B7E</string>
			<key>isa</key>
			<string>PBXBuildFile</string>
		</dict>
		<key>84821A8B1A873FE000463B7E</key>
		<dict>
			<key>fileRef</key>
			<string>84821A851A873FE000463B7E</string>
			<key>isa</key>
			<string>PBXBuildFile</string>
		</dict>
		<key>84821A8C1A873FE000463B7E</key>
		<dict>
			<key>fileRef</key>
			<string>84821A861A873FE000463B7E</string>
			<key>isa</key>
			<string>PBXBuildFile</string>
		</dict>
		<key>84821A8D1A873FE000463B7E</key>
		<dict>
			<key>fileRef</key>
			<string>84821A871A873FE000463B7E</string>
			<key>isa</key>
			<string>PBXBuildFile</string>
		</dict>
		<key>84821A8E1A8744D700463B7E</key>
		<dict>
			<key>fileEncoding</key>
			<string>4</string>
			<key>isa</key>
			<string>PBXFileReference</string>
			<key>lastKnownFileType</key>
			<string>sourcecode.c.h</string>
			<key>path</key>
			<string>CreateAccountOnServer.h</string>
			<key>sourceTree</key>
			<string>&lt;group&gt;</string>
		</dict>
		<key>84821A8F1A8744D700463B7E</key>
		<dict>
			<key>fileEncoding</key>
			<string>4</string>
			<key>isa</key>
			<string>PBXFileReference</string>
			<key>lastKnownFileType</key>
			<string>sourcecode.c.objc</string>
			<key>path</key>
			<string>CreateAccountOnServer.m</string>
			<key>sourceTree</key>
			<string>&lt;group&gt;</string>
		</dict>
		<key>84821A901A8744D700463B7E</key>
		<dict>
			<key>fileRef</key>
			<string>84821A8F1A8744D700463B7E</string>
			<key>isa</key>
			<string>PBXBuildFile</string>
		</dict>
		<key>84821A911A8744DC00463B7E</key>
		<dict>
			<key>children</key>
			<array>
				<string>84821A8E1A8744D700463B7E</string>
				<string>84821A8F1A8744D700463B7E</string>
				<string>84821ABD1A8818C600463B7E</string>
				<string>84821ABE1A8818C600463B7E</string>
			</array>
			<key>isa</key>
			<string>PBXGroup</string>
			<key>name</key>
			<string>ServerAPI</string>
			<key>sourceTree</key>
			<string>&lt;group&gt;</string>
		</dict>
		<key>84821A931A87DC4E00463B7E</key>
		<dict>
			<key>children</key>
			<array>
				<string>84821A971A87DCCE00463B7E</string>
				<string>84821A981A87DCCE00463B7E</string>
			</array>
			<key>isa</key>
			<string>PBXGroup</string>
			<key>name</key>
			<string>GlobalData</string>
			<key>sourceTree</key>
			<string>&lt;group&gt;</string>
		</dict>
		<key>84821A971A87DCCE00463B7E</key>
		<dict>
			<key>fileEncoding</key>
			<string>4</string>
			<key>isa</key>
			<string>PBXFileReference</string>
			<key>lastKnownFileType</key>
			<string>sourcecode.c.h</string>
			<key>path</key>
			<string>SendData.h</string>
			<key>sourceTree</key>
			<string>&lt;group&gt;</string>
		</dict>
		<key>84821A981A87DCCE00463B7E</key>
		<dict>
			<key>fileEncoding</key>
			<string>4</string>
			<key>isa</key>
			<string>PBXFileReference</string>
			<key>lastKnownFileType</key>
			<string>sourcecode.c.objc</string>
			<key>path</key>
			<string>SendData.m</string>
			<key>sourceTree</key>
			<string>&lt;group&gt;</string>
		</dict>
		<key>84821A991A87DCCE00463B7E</key>
		<dict>
			<key>fileRef</key>
			<string>84821A981A87DCCE00463B7E</string>
			<key>isa</key>
			<string>PBXBuildFile</string>
		</dict>
		<key>84821AA11A87F14F00463B7E</key>
		<dict>
			<key>children</key>
			<array>
				<string>84821AA21A87F1BB00463B7E</string>
				<string>84821AA31A87F1BB00463B7E</string>
			</array>
			<key>isa</key>
			<string>PBXGroup</string>
			<key>name</key>
			<string>GetInvitesAPI</string>
			<key>sourceTree</key>
			<string>&lt;group&gt;</string>
		</dict>
		<key>84821AA21A87F1BB00463B7E</key>
		<dict>
			<key>fileEncoding</key>
			<string>4</string>
			<key>isa</key>
			<string>PBXFileReference</string>
			<key>lastKnownFileType</key>
			<string>sourcecode.c.h</string>
			<key>path</key>
			<string>PullFromParseCloud.h</string>
			<key>sourceTree</key>
			<string>&lt;group&gt;</string>
		</dict>
		<key>84821AA31A87F1BB00463B7E</key>
		<dict>
			<key>fileEncoding</key>
			<string>4</string>
			<key>isa</key>
			<string>PBXFileReference</string>
			<key>lastKnownFileType</key>
			<string>sourcecode.c.objc</string>
			<key>path</key>
			<string>PullFromParseCloud.m</string>
			<key>sourceTree</key>
			<string>&lt;group&gt;</string>
		</dict>
		<key>84821AA41A87F1BB00463B7E</key>
		<dict>
			<key>fileRef</key>
			<string>84821AA31A87F1BB00463B7E</string>
			<key>isa</key>
			<string>PBXBuildFile</string>
		</dict>
		<key>84821AA51A87F20E00463B7E</key>
		<dict>
			<key>children</key>
			<array>
				<string>84821AAD1A87F73E00463B7E</string>
				<string>84821AAE1A87F73E00463B7E</string>
				<string>84821AA61A87F22B00463B7E</string>
				<string>84821AA71A87F22B00463B7E</string>
				<string>84821AD11A88247300463B7E</string>
				<string>84821AD21A88247300463B7E</string>
			</array>
			<key>isa</key>
			<string>PBXGroup</string>
			<key>name</key>
			<string>GetPeopleAPI</string>
			<key>sourceTree</key>
			<string>&lt;group&gt;</string>
		</dict>
		<key>84821AA61A87F22B00463B7E</key>
		<dict>
			<key>fileEncoding</key>
			<string>4</string>
			<key>isa</key>
			<string>PBXFileReference</string>
			<key>lastKnownFileType</key>
			<string>sourcecode.c.h</string>
			<key>path</key>
			<string>PullFromContactsList.h</string>
			<key>sourceTree</key>
			<string>&lt;group&gt;</string>
		</dict>
		<key>84821AA71A87F22B00463B7E</key>
		<dict>
			<key>fileEncoding</key>
			<string>4</string>
			<key>isa</key>
			<string>PBXFileReference</string>
			<key>lastKnownFileType</key>
			<string>sourcecode.c.objc</string>
			<key>path</key>
			<string>PullFromContactsList.m</string>
			<key>sourceTree</key>
			<string>&lt;group&gt;</string>
		</dict>
		<key>84821AA81A87F22B00463B7E</key>
		<dict>
			<key>fileRef</key>
			<string>84821AA71A87F22B00463B7E</string>
			<key>isa</key>
			<string>PBXBuildFile</string>
		</dict>
		<key>84821AA91A87F33700463B7E</key>
		<dict>
			<key>isa</key>
			<string>PBXFileReference</string>
			<key>lastKnownFileType</key>
			<string>wrapper.framework</string>
			<key>name</key>
			<string>AddressBook.framework</string>
			<key>path</key>
			<string>System/Library/Frameworks/AddressBook.framework</string>
			<key>sourceTree</key>
			<string>SDKROOT</string>
		</dict>
		<key>84821AAA1A87F33800463B7E</key>
		<dict>
			<key>isa</key>
			<string>PBXFileReference</string>
			<key>lastKnownFileType</key>
			<string>wrapper.framework</string>
			<key>name</key>
			<string>AddressBookUI.framework</string>
			<key>path</key>
			<string>System/Library/Frameworks/AddressBookUI.framework</string>
			<key>sourceTree</key>
			<string>SDKROOT</string>
		</dict>
		<key>84821AAB1A87F33800463B7E</key>
		<dict>
			<key>fileRef</key>
			<string>84821AA91A87F33700463B7E</string>
			<key>isa</key>
			<string>PBXBuildFile</string>
		</dict>
		<key>84821AAC1A87F33800463B7E</key>
		<dict>
			<key>fileRef</key>
			<string>84821AAA1A87F33800463B7E</string>
			<key>isa</key>
			<string>PBXBuildFile</string>
		</dict>
		<key>84821AAD1A87F73E00463B7E</key>
		<dict>
			<key>fileEncoding</key>
			<string>4</string>
			<key>isa</key>
			<string>PBXFileReference</string>
			<key>lastKnownFileType</key>
			<string>sourcecode.c.h</string>
			<key>path</key>
			<string>PullFromFriendsList.h</string>
			<key>sourceTree</key>
			<string>&lt;group&gt;</string>
		</dict>
		<key>84821AAE1A87F73E00463B7E</key>
		<dict>
			<key>fileEncoding</key>
			<string>4</string>
			<key>isa</key>
			<string>PBXFileReference</string>
			<key>lastKnownFileType</key>
			<string>sourcecode.c.objc</string>
			<key>path</key>
			<string>PullFromFriendsList.m</string>
			<key>sourceTree</key>
			<string>&lt;group&gt;</string>
		</dict>
		<key>84821AAF1A87F73E00463B7E</key>
		<dict>
			<key>fileRef</key>
			<string>84821AAE1A87F73E00463B7E</string>
			<key>isa</key>
			<string>PBXBuildFile</string>
		</dict>
		<key>84821AB01A88055500463B7E</key>
		<dict>
			<key>fileEncoding</key>
			<string>4</string>
			<key>isa</key>
			<string>PBXFileReference</string>
			<key>lastKnownFileType</key>
			<string>sourcecode.c.h</string>
			<key>path</key>
			<string>UserCellInfo.h</string>
			<key>sourceTree</key>
			<string>&lt;group&gt;</string>
		</dict>
		<key>84821AB11A88055500463B7E</key>
		<dict>
			<key>fileEncoding</key>
			<string>4</string>
			<key>isa</key>
			<string>PBXFileReference</string>
			<key>lastKnownFileType</key>
			<string>sourcecode.c.objc</string>
			<key>path</key>
			<string>UserCellInfo.m</string>
			<key>sourceTree</key>
			<string>&lt;group&gt;</string>
		</dict>
		<key>84821AB21A88055500463B7E</key>
		<dict>
			<key>fileRef</key>
			<string>84821AB11A88055500463B7E</string>
			<key>isa</key>
			<string>PBXBuildFile</string>
		</dict>
		<key>84821AB31A88055B00463B7E</key>
		<dict>
			<key>children</key>
			<array>
				<string>84821AB51A8805AC00463B7E</string>
				<string>84821AB01A88055500463B7E</string>
				<string>84821AB11A88055500463B7E</string>
			</array>
			<key>isa</key>
			<string>PBXGroup</string>
			<key>name</key>
			<string>PersonInfo</string>
			<key>sourceTree</key>
			<string>&lt;group&gt;</string>
		</dict>
		<key>84821AB51A8805AC00463B7E</key>
		<dict>
			<key>isa</key>
			<string>PBXFileReference</string>
			<key>lastKnownFileType</key>
			<string>sourcecode.c.h</string>
			<key>path</key>
			<string>UserTypeEnums.h</string>
			<key>sourceTree</key>
			<string>&lt;group&gt;</string>
		</dict>
		<key>84821ABD1A8818C600463B7E</key>
		<dict>
			<key>fileEncoding</key>
			<string>4</string>
			<key>isa</key>
			<string>PBXFileReference</string>
			<key>lastKnownFileType</key>
			<string>sourcecode.c.h</string>
			<key>path</key>
			<string>CreateFriendsList.h</string>
			<key>sourceTree</key>
			<string>&lt;group&gt;</string>
		</dict>
		<key>84821ABE1A8818C600463B7E</key>
		<dict>
			<key>fileEncoding</key>
			<string>4</string>
			<key>isa</key>
			<string>PBXFileReference</string>
			<key>lastKnownFileType</key>
			<string>sourcecode.c.objc</string>
			<key>path</key>
			<string>CreateFriendsList.m</string>
			<key>sourceTree</key>
			<string>&lt;group&gt;</string>
		</dict>
		<key>84821ABF1A8818C600463B7E</key>
		<dict>
			<key>fileRef</key>
			<string>84821ABE1A8818C600463B7E</string>
			<key>isa</key>
			<string>PBXBuildFile</string>
		</dict>
		<key>84821AC01A881D2000463B7E</key>
		<dict>
			<key>children</key>
			<array>
				<string>84821AD51A888EF400463B7E</string>
				<string>84821AC61A881F2900463B7E</string>
				<string>84821AC71A881F2900463B7E</string>
				<string>84821AC81A881F2900463B7E</string>
			</array>
			<key>isa</key>
			<string>PBXGroup</string>
			<key>name</key>
			<string>AddFriendsInterface</string>
			<key>sourceTree</key>
			<string>&lt;group&gt;</string>
		</dict>
		<key>84821AC61A881F2900463B7E</key>
		<dict>
			<key>fileEncoding</key>
			<string>4</string>
			<key>isa</key>
			<string>PBXFileReference</string>
			<key>lastKnownFileType</key>
			<string>sourcecode.c.h</string>
			<key>path</key>
			<string>AddFriendsViewController.h</string>
			<key>sourceTree</key>
			<string>&lt;group&gt;</string>
		</dict>
		<key>84821AC71A881F2900463B7E</key>
		<dict>
			<key>fileEncoding</key>
			<string>4</string>
			<key>isa</key>
			<string>PBXFileReference</string>
			<key>lastKnownFileType</key>
			<string>sourcecode.c.objc</string>
			<key>path</key>
			<string>AddFriendsViewController.m</string>
			<key>sourceTree</key>
			<string>&lt;group&gt;</string>
		</dict>
		<key>84821AC81A881F2900463B7E</key>
		<dict>
			<key>fileEncoding</key>
			<string>4</string>
			<key>isa</key>
			<string>PBXFileReference</string>
			<key>lastKnownFileType</key>
			<string>file.xib</string>
			<key>path</key>
			<string>AddFriendsViewController.xib</string>
			<key>sourceTree</key>
			<string>&lt;group&gt;</string>
		</dict>
		<key>84821AC91A881F2900463B7E</key>
		<dict>
			<key>fileRef</key>
			<string>84821AC71A881F2900463B7E</string>
			<key>isa</key>
			<string>PBXBuildFile</string>
		</dict>
		<key>84821ACA1A881F2900463B7E</key>
		<dict>
			<key>fileRef</key>
			<string>84821AC81A881F2900463B7E</string>
			<key>isa</key>
			<string>PBXBuildFile</string>
		</dict>
		<key>84821ACB1A88201700463B7E</key>
		<dict>
			<key>children</key>
			<array>
				<string>84821ACC1A88203500463B7E</string>
				<string>84821ACD1A88203500463B7E</string>
			</array>
			<key>isa</key>
			<string>PBXGroup</string>
			<key>name</key>
			<string>BaseTableViewInterface</string>
			<key>sourceTree</key>
			<string>&lt;group&gt;</string>
		</dict>
		<key>84821ACC1A88203500463B7E</key>
		<dict>
			<key>fileEncoding</key>
			<string>4</string>
			<key>isa</key>
			<string>PBXFileReference</string>
			<key>lastKnownFileType</key>
			<string>sourcecode.c.h</string>
			<key>path</key>
			<string>BaseTableViewController.h</string>
			<key>sourceTree</key>
			<string>&lt;group&gt;</string>
		</dict>
		<key>84821ACD1A88203500463B7E</key>
		<dict>
			<key>fileEncoding</key>
			<string>4</string>
			<key>isa</key>
			<string>PBXFileReference</string>
			<key>lastKnownFileType</key>
			<string>sourcecode.c.objc</string>
			<key>path</key>
			<string>BaseTableViewController.m</string>
			<key>sourceTree</key>
			<string>&lt;group&gt;</string>
		</dict>
		<key>84821ACF1A88203500463B7E</key>
		<dict>
			<key>fileRef</key>
			<string>84821ACD1A88203500463B7E</string>
			<key>isa</key>
			<string>PBXBuildFile</string>
		</dict>
		<key>84821AD11A88247300463B7E</key>
		<dict>
			<key>fileEncoding</key>
			<string>4</string>
			<key>isa</key>
			<string>PBXFileReference</string>
			<key>lastKnownFileType</key>
			<string>sourcecode.c.h</string>
			<key>path</key>
			<string>FetchUserData.h</string>
			<key>sourceTree</key>
			<string>&lt;group&gt;</string>
		</dict>
		<key>84821AD21A88247300463B7E</key>
		<dict>
			<key>fileEncoding</key>
			<string>4</string>
			<key>isa</key>
			<string>PBXFileReference</string>
			<key>lastKnownFileType</key>
			<string>sourcecode.c.objc</string>
			<key>path</key>
			<string>FetchUserData.m</string>
			<key>sourceTree</key>
			<string>&lt;group&gt;</string>
		</dict>
		<key>84821AD31A88247300463B7E</key>
		<dict>
			<key>fileRef</key>
			<string>84821AD21A88247300463B7E</string>
			<key>isa</key>
			<string>PBXBuildFile</string>
		</dict>
		<key>84821AD51A888EF400463B7E</key>
		<dict>
			<key>children</key>
			<array>
				<string>84821AD61A888F1500463B7E</string>
				<string>84821AD71A888F1500463B7E</string>
			</array>
			<key>isa</key>
			<string>PBXGroup</string>
			<key>name</key>
			<string>AddFriendAPI</string>
			<key>sourceTree</key>
			<string>&lt;group&gt;</string>
		</dict>
		<key>84821AD61A888F1500463B7E</key>
		<dict>
			<key>fileEncoding</key>
			<string>4</string>
			<key>isa</key>
			<string>PBXFileReference</string>
			<key>lastKnownFileType</key>
			<string>sourcecode.c.h</string>
			<key>path</key>
			<string>AddFriendRelation.h</string>
			<key>sourceTree</key>
			<string>&lt;group&gt;</string>
		</dict>
		<key>84821AD71A888F1500463B7E</key>
		<dict>
			<key>fileEncoding</key>
			<string>4</string>
			<key>isa</key>
			<string>PBXFileReference</string>
			<key>lastKnownFileType</key>
			<string>sourcecode.c.objc</string>
			<key>path</key>
			<string>AddFriendRelation.m</string>
			<key>sourceTree</key>
			<string>&lt;group&gt;</string>
		</dict>
		<key>84821AD81A888F1500463B7E</key>
		<dict>
			<key>fileRef</key>
			<string>84821AD71A888F1500463B7E</string>
			<key>isa</key>
			<string>PBXBuildFile</string>
		</dict>
		<key>84821AD91A88A03500463B7E</key>
		<dict>
			<key>children</key>
			<array>
				<string>84821ADA1A88A05000463B7E</string>
				<string>84821ADB1A88A05000463B7E</string>
			</array>
			<key>isa</key>
			<string>PBXGroup</string>
			<key>name</key>
			<string>CustomTextField</string>
			<key>sourceTree</key>
			<string>&lt;group&gt;</string>
		</dict>
		<key>84821ADA1A88A05000463B7E</key>
		<dict>
			<key>fileEncoding</key>
			<string>4</string>
			<key>isa</key>
			<string>PBXFileReference</string>
			<key>lastKnownFileType</key>
			<string>sourcecode.c.h</string>
			<key>path</key>
			<string>PhoneTextField.h</string>
			<key>sourceTree</key>
			<string>&lt;group&gt;</string>
		</dict>
		<key>84821ADB1A88A05000463B7E</key>
		<dict>
			<key>fileEncoding</key>
			<string>4</string>
			<key>isa</key>
			<string>PBXFileReference</string>
			<key>lastKnownFileType</key>
			<string>sourcecode.c.objc</string>
			<key>path</key>
			<string>PhoneTextField.m</string>
			<key>sourceTree</key>
			<string>&lt;group&gt;</string>
		</dict>
		<key>84821ADC1A88A05000463B7E</key>
		<dict>
			<key>fileRef</key>
			<string>84821ADB1A88A05000463B7E</string>
			<key>isa</key>
			<string>PBXBuildFile</string>
		</dict>
		<key>84821ADD1A88AA0300463B7E</key>
		<dict>
			<key>fileEncoding</key>
			<string>4</string>
			<key>isa</key>
			<string>PBXFileReference</string>
			<key>lastKnownFileType</key>
			<string>sourcecode.c.h</string>
			<key>path</key>
			<string>PhoneNumberConvert.h</string>
			<key>sourceTree</key>
			<string>&lt;group&gt;</string>
		</dict>
		<key>84821ADE1A88AA0300463B7E</key>
		<dict>
			<key>fileEncoding</key>
			<string>4</string>
			<key>isa</key>
			<string>PBXFileReference</string>
			<key>lastKnownFileType</key>
			<string>sourcecode.c.objc</string>
			<key>path</key>
			<string>PhoneNumberConvert.m</string>
			<key>sourceTree</key>
			<string>&lt;group&gt;</string>
		</dict>
		<key>84821ADF1A88AA0300463B7E</key>
		<dict>
			<key>fileRef</key>
			<string>84821ADE1A88AA0300463B7E</string>
			<key>isa</key>
			<string>PBXBuildFile</string>
		</dict>
		<key>84821AE01A88AF4900463B7E</key>
		<dict>
			<key>children</key>
			<array>
				<string>84821AE11A88AF6B00463B7E</string>
				<string>84821AE21A88AF6B00463B7E</string>
				<string>84821AE41A893BFA00463B7E</string>
				<string>84821AE51A893BFA00463B7E</string>
				<string>84821AE71A8943E000463B7E</string>
				<string>84821AE81A8943E000463B7E</string>
			</array>
			<key>isa</key>
			<string>PBXGroup</string>
			<key>name</key>
			<string>LayerConversationAPI</string>
			<key>sourceTree</key>
			<string>&lt;group&gt;</string>
		</dict>
		<key>84821AE11A88AF6B00463B7E</key>
		<dict>
			<key>fileEncoding</key>
			<string>4</string>
			<key>isa</key>
			<string>PBXFileReference</string>
			<key>lastKnownFileType</key>
			<string>sourcecode.c.h</string>
			<key>path</key>
			<string>CreateConversation.h</string>
			<key>sourceTree</key>
			<string>&lt;group&gt;</string>
		</dict>
		<key>84821AE21A88AF6B00463B7E</key>
		<dict>
			<key>fileEncoding</key>
			<string>4</string>
			<key>isa</key>
			<string>PBXFileReference</string>
			<key>lastKnownFileType</key>
			<string>sourcecode.c.objc</string>
			<key>path</key>
			<string>CreateConversation.m</string>
			<key>sourceTree</key>
			<string>&lt;group&gt;</string>
		</dict>
		<key>84821AE31A88AF6B00463B7E</key>
		<dict>
			<key>fileRef</key>
			<string>84821AE21A88AF6B00463B7E</string>
			<key>isa</key>
			<string>PBXBuildFile</string>
		</dict>
		<key>84821AE41A893BFA00463B7E</key>
		<dict>
			<key>fileEncoding</key>
			<string>4</string>
			<key>isa</key>
			<string>PBXFileReference</string>
			<key>lastKnownFileType</key>
			<string>sourcecode.c.h</string>
			<key>path</key>
			<string>SendMessages.h</string>
			<key>sourceTree</key>
			<string>&lt;group&gt;</string>
		</dict>
		<key>84821AE51A893BFA00463B7E</key>
		<dict>
			<key>fileEncoding</key>
			<string>4</string>
			<key>isa</key>
			<string>PBXFileReference</string>
			<key>lastKnownFileType</key>
			<string>sourcecode.c.objc</string>
			<key>path</key>
			<string>SendMessages.m</string>
			<key>sourceTree</key>
			<string>&lt;group&gt;</string>
		</dict>
		<key>84821AE61A893BFA00463B7E</key>
		<dict>
			<key>fileRef</key>
			<string>84821AE51A893BFA00463B7E</string>
			<key>isa</key>
			<string>PBXBuildFile</string>
		</dict>
		<key>84821AE71A8943E000463B7E</key>
		<dict>
			<key>fileEncoding</key>
			<string>4</string>
			<key>isa</key>
			<string>PBXFileReference</string>
			<key>lastKnownFileType</key>
			<string>sourcecode.c.h</string>
			<key>path</key>
			<string>QueryForConversation.h</string>
			<key>sourceTree</key>
			<string>&lt;group&gt;</string>
		</dict>
		<key>84821AE81A8943E000463B7E</key>
		<dict>
			<key>fileEncoding</key>
			<string>4</string>
			<key>isa</key>
			<string>PBXFileReference</string>
			<key>lastKnownFileType</key>
			<string>sourcecode.c.objc</string>
			<key>path</key>
			<string>QueryForConversation.m</string>
			<key>sourceTree</key>
			<string>&lt;group&gt;</string>
		</dict>
		<key>84821AE91A8943E000463B7E</key>
		<dict>
			<key>fileRef</key>
			<string>84821AE81A8943E000463B7E</string>
			<key>isa</key>
			<string>PBXBuildFile</string>
		</dict>
		<key>84821AEA1A89590500463B7E</key>
		<dict>
			<key>children</key>
			<array>
				<string>84821AA11A87F14F00463B7E</string>
				<string>84BFE0841A8AD1D600721F88</string>
				<string>84BFE0851A8AD1D600721F88</string>
				<string>84BFE0861A8AD1D600721F88</string>
			</array>
			<key>isa</key>
			<string>PBXGroup</string>
			<key>name</key>
			<string>AcceptInvitesInterface</string>
			<key>sourceTree</key>
			<string>&lt;group&gt;</string>
		</dict>
		<key>84821AEB1A899AA000463B7E</key>
		<dict>
			<key>fileEncoding</key>
			<string>4</string>
			<key>isa</key>
			<string>PBXFileReference</string>
			<key>lastKnownFileType</key>
			<string>sourcecode.c.h</string>
			<key>path</key>
			<string>DiningHallConvert.h</string>
			<key>sourceTree</key>
			<string>&lt;group&gt;</string>
		</dict>
		<key>84821AEC1A899AA000463B7E</key>
		<dict>
			<key>fileEncoding</key>
			<string>4</string>
			<key>isa</key>
			<string>PBXFileReference</string>
			<key>lastKnownFileType</key>
			<string>sourcecode.c.objc</string>
			<key>path</key>
			<string>DiningHallConvert.m</string>
			<key>sourceTree</key>
			<string>&lt;group&gt;</string>
		</dict>
		<key>84821AED1A899AA000463B7E</key>
		<dict>
			<key>fileRef</key>
			<string>84821AEC1A899AA000463B7E</string>
			<key>isa</key>
			<string>PBXBuildFile</string>
		</dict>
		<key>84821AEE1A89A93200463B7E</key>
		<dict>
			<key>fileEncoding</key>
			<string>4</string>
			<key>isa</key>
			<string>PBXFileReference</string>
			<key>lastKnownFileType</key>
			<string>sourcecode.c.h</string>
			<key>path</key>
			<string>TimeNumberConvert.h</string>
			<key>sourceTree</key>
			<string>&lt;group&gt;</string>
		</dict>
		<key>84821AEF1A89A93200463B7E</key>
		<dict>
			<key>fileEncoding</key>
			<string>4</string>
			<key>isa</key>
			<string>PBXFileReference</string>
			<key>lastKnownFileType</key>
			<string>sourcecode.c.objc</string>
			<key>path</key>
			<string>TimeNumberConvert.m</string>
			<key>sourceTree</key>
			<string>&lt;group&gt;</string>
		</dict>
		<key>84821AF01A89A93200463B7E</key>
		<dict>
			<key>fileRef</key>
			<string>84821AEF1A89A93200463B7E</string>
			<key>isa</key>
			<string>PBXBuildFile</string>
		</dict>
		<key>84BFE0841A8AD1D600721F88</key>
		<dict>
			<key>fileEncoding</key>
			<string>4</string>
			<key>isa</key>
			<string>PBXFileReference</string>
			<key>lastKnownFileType</key>
			<string>sourcecode.c.h</string>
			<key>path</key>
			<string>GetInvitesViewController.h</string>
			<key>sourceTree</key>
			<string>&lt;group&gt;</string>
		</dict>
		<key>84BFE0851A8AD1D600721F88</key>
		<dict>
			<key>fileEncoding</key>
			<string>4</string>
			<key>isa</key>
			<string>PBXFileReference</string>
			<key>lastKnownFileType</key>
			<string>sourcecode.c.objc</string>
			<key>path</key>
			<string>GetInvitesViewController.m</string>
			<key>sourceTree</key>
			<string>&lt;group&gt;</string>
		</dict>
		<key>84BFE0861A8AD1D600721F88</key>
		<dict>
			<key>fileEncoding</key>
			<string>4</string>
			<key>isa</key>
			<string>PBXFileReference</string>
			<key>lastKnownFileType</key>
			<string>file.xib</string>
			<key>path</key>
			<string>GetInvitesViewController.xib</string>
			<key>sourceTree</key>
			<string>&lt;group&gt;</string>
		</dict>
		<key>84BFE0871A8AD1D600721F88</key>
		<dict>
			<key>fileRef</key>
			<string>84BFE0851A8AD1D600721F88</string>
			<key>isa</key>
			<string>PBXBuildFile</string>
		</dict>
		<key>84BFE0881A8AD1D600721F88</key>
		<dict>
			<key>fileRef</key>
			<string>84BFE0861A8AD1D600721F88</string>
			<key>isa</key>
			<string>PBXBuildFile</string>
		</dict>
		<key>84BFE0931A8DCE5300721F88</key>
		<dict>
			<key>children</key>
			<array>
				<string>84BFE0941A8DCE6A00721F88</string>
				<string>84BFE0951A8DCE6A00721F88</string>
				<string>84BFE0971A8DD0E300721F88</string>
				<string>84BFE0981A8DD0E300721F88</string>
			</array>
			<key>isa</key>
			<string>PBXGroup</string>
			<key>name</key>
			<string>DeleteCleanUpAPI</string>
			<key>sourceTree</key>
			<string>&lt;group&gt;</string>
		</dict>
		<key>84BFE0941A8DCE6A00721F88</key>
		<dict>
			<key>fileEncoding</key>
			<string>4</string>
			<key>isa</key>
			<string>PBXFileReference</string>
			<key>lastKnownFileType</key>
			<string>sourcecode.c.h</string>
			<key>path</key>
			<string>DeleteParseObject.h</string>
			<key>sourceTree</key>
			<string>&lt;group&gt;</string>
		</dict>
		<key>84BFE0951A8DCE6A00721F88</key>
		<dict>
			<key>fileEncoding</key>
			<string>4</string>
			<key>isa</key>
			<string>PBXFileReference</string>
			<key>lastKnownFileType</key>
			<string>sourcecode.c.objc</string>
			<key>path</key>
			<string>DeleteParseObject.m</string>
			<key>sourceTree</key>
			<string>&lt;group&gt;</string>
		</dict>
		<key>84BFE0961A8DCE6A00721F88</key>
		<dict>
			<key>fileRef</key>
			<string>84BFE0951A8DCE6A00721F88</string>
			<key>isa</key>
			<string>PBXBuildFile</string>
		</dict>
		<key>84BFE0971A8DD0E300721F88</key>
		<dict>
			<key>fileEncoding</key>
			<string>4</string>
			<key>isa</key>
			<string>PBXFileReference</string>
			<key>lastKnownFileType</key>
			<string>sourcecode.c.h</string>
			<key>path</key>
			<string>DeleteMessages.h</string>
			<key>sourceTree</key>
			<string>&lt;group&gt;</string>
		</dict>
		<key>84BFE0981A8DD0E300721F88</key>
		<dict>
			<key>fileEncoding</key>
			<string>4</string>
			<key>isa</key>
			<string>PBXFileReference</string>
			<key>lastKnownFileType</key>
			<string>sourcecode.c.objc</string>
			<key>path</key>
			<string>DeleteMessages.m</string>
			<key>sourceTree</key>
			<string>&lt;group&gt;</string>
		</dict>
		<key>84BFE0991A8DD0E300721F88</key>
		<dict>
			<key>fileRef</key>
			<string>84BFE0981A8DD0E300721F88</string>
			<key>isa</key>
			<string>PBXBuildFile</string>
		</dict>
		<key>84BFE09A1A8DD91B00721F88</key>
		<dict>
			<key>isa</key>
			<string>PBXFileReference</string>
			<key>lastKnownFileType</key>
			<string>file</string>
			<key>path</key>
			<string>avenir-light.ttf</string>
			<key>sourceTree</key>
			<string>&lt;group&gt;</string>
		</dict>
		<key>84BFE09B1A8DD92700721F88</key>
		<dict>
			<key>fileRef</key>
			<string>84BFE09A1A8DD91B00721F88</string>
			<key>isa</key>
			<string>PBXBuildFile</string>
		</dict>
		<key>84BFE0A41A8DF0E300721F88</key>
		<dict>
			<key>fileEncoding</key>
			<string>4</string>
			<key>isa</key>
			<string>PBXFileReference</string>
			<key>lastKnownFileType</key>
			<string>sourcecode.swift</string>
			<key>path</key>
			<string>VerificationStepViewController.swift</string>
			<key>sourceTree</key>
			<string>&lt;group&gt;</string>
		</dict>
		<key>84BFE0A51A8DF0E300721F88</key>
		<dict>
			<key>fileEncoding</key>
			<string>4</string>
			<key>isa</key>
			<string>PBXFileReference</string>
			<key>lastKnownFileType</key>
			<string>file.xib</string>
			<key>path</key>
			<string>VerificationStepViewController.xib</string>
			<key>sourceTree</key>
			<string>&lt;group&gt;</string>
		</dict>
		<key>84BFE0A61A8DF0E300721F88</key>
		<dict>
			<key>fileRef</key>
			<string>84BFE0A41A8DF0E300721F88</string>
			<key>isa</key>
			<string>PBXBuildFile</string>
		</dict>
		<key>84BFE0A71A8DF0E300721F88</key>
		<dict>
			<key>fileRef</key>
			<string>84BFE0A51A8DF0E300721F88</string>
			<key>isa</key>
			<string>PBXBuildFile</string>
		</dict>
		<key>84BFE0A81A8DF6E700721F88</key>
		<dict>
			<key>fileEncoding</key>
			<string>4</string>
			<key>isa</key>
			<string>PBXFileReference</string>
			<key>lastKnownFileType</key>
			<string>sourcecode.swift</string>
			<key>path</key>
			<string>UserProfileViewController.swift</string>
			<key>sourceTree</key>
			<string>&lt;group&gt;</string>
		</dict>
		<key>84BFE0A91A8DF6E700721F88</key>
		<dict>
			<key>fileEncoding</key>
			<string>4</string>
			<key>isa</key>
			<string>PBXFileReference</string>
			<key>lastKnownFileType</key>
			<string>file.xib</string>
			<key>path</key>
			<string>UserProfileViewController.xib</string>
			<key>sourceTree</key>
			<string>&lt;group&gt;</string>
		</dict>
		<key>84BFE0AA1A8DF6E700721F88</key>
		<dict>
			<key>fileRef</key>
			<string>84BFE0A81A8DF6E700721F88</string>
			<key>isa</key>
			<string>PBXBuildFile</string>
		</dict>
		<key>84BFE0AB1A8DF6E700721F88</key>
		<dict>
			<key>fileRef</key>
			<string>84BFE0A91A8DF6E700721F88</string>
			<key>isa</key>
			<string>PBXBuildFile</string>
		</dict>
		<key>84BFE0AC1A8DF93100721F88</key>
		<dict>
			<key>children</key>
			<array>
				<string>84BFE0AD1A8DF94500721F88</string>
				<string>84BFE0AE1A8DF94500721F88</string>
			</array>
			<key>isa</key>
			<string>PBXGroup</string>
			<key>name</key>
			<string>Sorters</string>
			<key>sourceTree</key>
			<string>&lt;group&gt;</string>
		</dict>
		<key>84BFE0AD1A8DF94500721F88</key>
		<dict>
			<key>fileEncoding</key>
			<string>4</string>
			<key>isa</key>
			<string>PBXFileReference</string>
			<key>lastKnownFileType</key>
			<string>sourcecode.c.h</string>
			<key>path</key>
			<string>ArraySorter.h</string>
			<key>sourceTree</key>
			<string>&lt;group&gt;</string>
		</dict>
		<key>84BFE0AE1A8DF94500721F88</key>
		<dict>
			<key>fileEncoding</key>
			<string>4</string>
			<key>isa</key>
			<string>PBXFileReference</string>
			<key>lastKnownFileType</key>
			<string>sourcecode.c.objc</string>
			<key>path</key>
			<string>ArraySorter.m</string>
			<key>sourceTree</key>
			<string>&lt;group&gt;</string>
		</dict>
		<key>84BFE0AF1A8DF94500721F88</key>
		<dict>
			<key>fileRef</key>
			<string>84BFE0AE1A8DF94500721F88</string>
			<key>isa</key>
			<string>PBXBuildFile</string>
		</dict>
		<key>84BFE0B01A8E995400721F88</key>
		<dict>
			<key>children</key>
			<array/>
			<key>isa</key>
			<string>PBXGroup</string>
			<key>name</key>
			<string>AlertMessages</string>
			<key>sourceTree</key>
			<string>&lt;group&gt;</string>
		</dict>
		<key>8810EE2E4BB53CCA16BDD8B2</key>
		<dict>
			<key>children</key>
			<array>
				<string>8E58D714B2E46233466CA53F</string>
				<string>20EFEE7D5C0804330ACE15AB</string>
			</array>
			<key>isa</key>
			<string>PBXGroup</string>
			<key>name</key>
			<string>Pods</string>
			<key>sourceTree</key>
			<string>&lt;group&gt;</string>
		</dict>
		<key>8E58D714B2E46233466CA53F</key>
		<dict>
			<key>includeInIndex</key>
			<string>1</string>
			<key>isa</key>
			<string>PBXFileReference</string>
			<key>lastKnownFileType</key>
			<string>text.xcconfig</string>
			<key>name</key>
			<string>Pods-Tuple.debug.xcconfig</string>
			<key>path</key>
			<string>Pods/Target Support Files/Pods-Tuple/Pods-Tuple.debug.xcconfig</string>
			<key>sourceTree</key>
			<string>&lt;group&gt;</string>
		</dict>
		<key>A16768E974AACC91909089AD</key>
		<dict>
			<key>explicitFileType</key>
			<string>archive.ar</string>
			<key>includeInIndex</key>
			<string>0</string>
			<key>isa</key>
			<string>PBXFileReference</string>
			<key>path</key>
			<string>libPods-Tuple.a</string>
			<key>sourceTree</key>
			<string>BUILT_PRODUCTS_DIR</string>
		</dict>
		<key>A4EBBA76F8EA20BF3F52641F</key>
		<dict>
			<key>children</key>
			<array>
				<string>A16768E974AACC91909089AD</string>
			</array>
			<key>isa</key>
			<string>PBXGroup</string>
			<key>name</key>
			<string>Frameworks</string>
			<key>sourceTree</key>
			<string>&lt;group&gt;</string>
		</dict>
		<key>E692D8C508B30B0FB58A3DBC</key>
		<dict>
			<key>buildActionMask</key>
			<string>2147483647</string>
			<key>files</key>
			<array/>
			<key>inputPaths</key>
			<array/>
			<key>isa</key>
			<string>PBXShellScriptBuildPhase</string>
			<key>name</key>
			<string>Check Pods Manifest.lock</string>
			<key>outputPaths</key>
			<array/>
			<key>runOnlyForDeploymentPostprocessing</key>
			<string>0</string>
			<key>shellPath</key>
			<string>/bin/sh</string>
			<key>shellScript</key>
			<string>diff "${PODS_ROOT}/../Podfile.lock" "${PODS_ROOT}/Manifest.lock" &gt; /dev/null
if [[ $? != 0 ]] ; then
    cat &lt;&lt; EOM
error: The sandbox is not in sync with the Podfile.lock. Run 'pod install' or update your CocoaPods installation.
EOM
    exit 1
fi
</string>
			<key>showEnvVarsInLog</key>
			<string>0</string>
		</dict>
	</dict>
	<key>rootObject</key>
	<string>848219E61A873B0F00463B7E</string>
</dict>
</plist>
